// !$*UTF8*$!
{
	archiveVersion = 1;
	classes = {
	};
	objectVersion = 56;
	objects = {

/* Begin PBXBuildFile section */
		0371FC9629A3F3E700608875 /* ThirdStoryBoard.storyboard in Resources */ = {isa = PBXBuildFile; fileRef = 0371FC9529A3F3E700608875 /* ThirdStoryBoard.storyboard */; };
		0371FC9829A3F48B00608875 /* ProductDetailsViewController.swift in Sources */ = {isa = PBXBuildFile; fileRef = 0371FC9729A3F48B00608875 /* ProductDetailsViewController.swift */; };
		0371FC9A29A3F63A00608875 /* SeeMoreReviewsViewController.swift in Sources */ = {isa = PBXBuildFile; fileRef = 0371FC9929A3F63A00608875 /* SeeMoreReviewsViewController.swift */; };
		0371FC9D29A3F6C500608875 /* ReviewTableViewCell.swift in Sources */ = {isa = PBXBuildFile; fileRef = 0371FC9B29A3F6C500608875 /* ReviewTableViewCell.swift */; };
		0371FC9E29A3F6C500608875 /* ReviewTableViewCell.xib in Resources */ = {isa = PBXBuildFile; fileRef = 0371FC9C29A3F6C500608875 /* ReviewTableViewCell.xib */; };
		0371FCA029A3F7EB00608875 /* ProductDetailsImgCollectionViewCell.swift in Sources */ = {isa = PBXBuildFile; fileRef = 0371FC9F29A3F7EB00608875 /* ProductDetailsImgCollectionViewCell.swift */; };
		8CE5EEF029A3E9B000519879 /* AppDelegate.swift in Sources */ = {isa = PBXBuildFile; fileRef = 8CE5EEEF29A3E9B000519879 /* AppDelegate.swift */; };
		8CE5EEF229A3E9B000519879 /* SceneDelegate.swift in Sources */ = {isa = PBXBuildFile; fileRef = 8CE5EEF129A3E9B000519879 /* SceneDelegate.swift */; };
		8CE5EEF429A3E9B000519879 /* ViewController.swift in Sources */ = {isa = PBXBuildFile; fileRef = 8CE5EEF329A3E9B000519879 /* ViewController.swift */; };
		8CE5EEF729A3E9B000519879 /* Main.storyboard in Resources */ = {isa = PBXBuildFile; fileRef = 8CE5EEF529A3E9B000519879 /* Main.storyboard */; };
		8CE5EEFA29A3E9B000519879 /* ShopfiyProject.xcdatamodeld in Sources */ = {isa = PBXBuildFile; fileRef = 8CE5EEF829A3E9B000519879 /* ShopfiyProject.xcdatamodeld */; };
		8CE5EEFC29A3E9B400519879 /* Assets.xcassets in Resources */ = {isa = PBXBuildFile; fileRef = 8CE5EEFB29A3E9B400519879 /* Assets.xcassets */; };
		8CE5EEFF29A3E9B400519879 /* LaunchScreen.storyboard in Resources */ = {isa = PBXBuildFile; fileRef = 8CE5EEFD29A3E9B400519879 /* LaunchScreen.storyboard */; };
		8CE5EF0A29A3E9B500519879 /* ShopfiyProjectTests.swift in Sources */ = {isa = PBXBuildFile; fileRef = 8CE5EF0929A3E9B500519879 /* ShopfiyProjectTests.swift */; };
		8CE5EF1429A3E9B500519879 /* ShopfiyProjectUITests.swift in Sources */ = {isa = PBXBuildFile; fileRef = 8CE5EF1329A3E9B500519879 /* ShopfiyProjectUITests.swift */; };
		8CE5EF1629A3E9B500519879 /* ShopfiyProjectUITestsLaunchTests.swift in Sources */ = {isa = PBXBuildFile; fileRef = 8CE5EF1529A3E9B500519879 /* ShopfiyProjectUITestsLaunchTests.swift */; };
/* End PBXBuildFile section */

/* Begin PBXContainerItemProxy section */
		8CE5EF0629A3E9B500519879 /* PBXContainerItemProxy */ = {
			isa = PBXContainerItemProxy;
			containerPortal = 8CE5EEE429A3E9B000519879 /* Project object */;
			proxyType = 1;
			remoteGlobalIDString = 8CE5EEEB29A3E9B000519879;
			remoteInfo = ShopfiyProject;
		};
		8CE5EF1029A3E9B500519879 /* PBXContainerItemProxy */ = {
			isa = PBXContainerItemProxy;
			containerPortal = 8CE5EEE429A3E9B000519879 /* Project object */;
			proxyType = 1;
			remoteGlobalIDString = 8CE5EEEB29A3E9B000519879;
			remoteInfo = ShopfiyProject;
		};
/* End PBXContainerItemProxy section */

/* Begin PBXFileReference section */
		0371FC9529A3F3E700608875 /* ThirdStoryBoard.storyboard */ = {isa = PBXFileReference; lastKnownFileType = file.storyboard; path = ThirdStoryBoard.storyboard; sourceTree = "<group>"; };
		0371FC9729A3F48B00608875 /* ProductDetailsViewController.swift */ = {isa = PBXFileReference; lastKnownFileType = sourcecode.swift; path = ProductDetailsViewController.swift; sourceTree = "<group>"; };
		0371FC9929A3F63A00608875 /* SeeMoreReviewsViewController.swift */ = {isa = PBXFileReference; lastKnownFileType = sourcecode.swift; path = SeeMoreReviewsViewController.swift; sourceTree = "<group>"; };
		0371FC9B29A3F6C500608875 /* ReviewTableViewCell.swift */ = {isa = PBXFileReference; lastKnownFileType = sourcecode.swift; path = ReviewTableViewCell.swift; sourceTree = "<group>"; };
		0371FC9C29A3F6C500608875 /* ReviewTableViewCell.xib */ = {isa = PBXFileReference; lastKnownFileType = file.xib; path = ReviewTableViewCell.xib; sourceTree = "<group>"; };
		0371FC9F29A3F7EB00608875 /* ProductDetailsImgCollectionViewCell.swift */ = {isa = PBXFileReference; lastKnownFileType = sourcecode.swift; path = ProductDetailsImgCollectionViewCell.swift; sourceTree = "<group>"; };
		8CE5EEEC29A3E9B000519879 /* ShopfiyProject.app */ = {isa = PBXFileReference; explicitFileType = wrapper.application; includeInIndex = 0; path = ShopfiyProject.app; sourceTree = BUILT_PRODUCTS_DIR; };
		8CE5EEEF29A3E9B000519879 /* AppDelegate.swift */ = {isa = PBXFileReference; lastKnownFileType = sourcecode.swift; path = AppDelegate.swift; sourceTree = "<group>"; };
		8CE5EEF129A3E9B000519879 /* SceneDelegate.swift */ = {isa = PBXFileReference; lastKnownFileType = sourcecode.swift; path = SceneDelegate.swift; sourceTree = "<group>"; };
		8CE5EEF329A3E9B000519879 /* ViewController.swift */ = {isa = PBXFileReference; lastKnownFileType = sourcecode.swift; path = ViewController.swift; sourceTree = "<group>"; };
		8CE5EEF629A3E9B000519879 /* Base */ = {isa = PBXFileReference; lastKnownFileType = file.storyboard; name = Base; path = Base.lproj/Main.storyboard; sourceTree = "<group>"; };
		8CE5EEF929A3E9B000519879 /* ShopfiyProject.xcdatamodel */ = {isa = PBXFileReference; lastKnownFileType = wrapper.xcdatamodel; path = ShopfiyProject.xcdatamodel; sourceTree = "<group>"; };
		8CE5EEFB29A3E9B400519879 /* Assets.xcassets */ = {isa = PBXFileReference; lastKnownFileType = folder.assetcatalog; path = Assets.xcassets; sourceTree = "<group>"; };
		8CE5EEFE29A3E9B400519879 /* Base */ = {isa = PBXFileReference; lastKnownFileType = file.storyboard; name = Base; path = Base.lproj/LaunchScreen.storyboard; sourceTree = "<group>"; };
		8CE5EF0029A3E9B400519879 /* Info.plist */ = {isa = PBXFileReference; lastKnownFileType = text.plist.xml; path = Info.plist; sourceTree = "<group>"; };
		8CE5EF0529A3E9B500519879 /* ShopfiyProjectTests.xctest */ = {isa = PBXFileReference; explicitFileType = wrapper.cfbundle; includeInIndex = 0; path = ShopfiyProjectTests.xctest; sourceTree = BUILT_PRODUCTS_DIR; };
		8CE5EF0929A3E9B500519879 /* ShopfiyProjectTests.swift */ = {isa = PBXFileReference; lastKnownFileType = sourcecode.swift; path = ShopfiyProjectTests.swift; sourceTree = "<group>"; };
		8CE5EF0F29A3E9B500519879 /* ShopfiyProjectUITests.xctest */ = {isa = PBXFileReference; explicitFileType = wrapper.cfbundle; includeInIndex = 0; path = ShopfiyProjectUITests.xctest; sourceTree = BUILT_PRODUCTS_DIR; };
		8CE5EF1329A3E9B500519879 /* ShopfiyProjectUITests.swift */ = {isa = PBXFileReference; lastKnownFileType = sourcecode.swift; path = ShopfiyProjectUITests.swift; sourceTree = "<group>"; };
		8CE5EF1529A3E9B500519879 /* ShopfiyProjectUITestsLaunchTests.swift */ = {isa = PBXFileReference; lastKnownFileType = sourcecode.swift; path = ShopfiyProjectUITestsLaunchTests.swift; sourceTree = "<group>"; };
/* End PBXFileReference section */

/* Begin PBXFrameworksBuildPhase section */
		8CE5EEE929A3E9B000519879 /* Frameworks */ = {
			isa = PBXFrameworksBuildPhase;
			buildActionMask = 2147483647;
			files = (
			);
			runOnlyForDeploymentPostprocessing = 0;
		};
		8CE5EF0229A3E9B500519879 /* Frameworks */ = {
			isa = PBXFrameworksBuildPhase;
			buildActionMask = 2147483647;
			files = (
			);
			runOnlyForDeploymentPostprocessing = 0;
		};
		8CE5EF0C29A3E9B500519879 /* Frameworks */ = {
			isa = PBXFrameworksBuildPhase;
			buildActionMask = 2147483647;
			files = (
			);
			runOnlyForDeploymentPostprocessing = 0;
		};
/* End PBXFrameworksBuildPhase section */

/* Begin PBXGroup section */
		8CE5EEE329A3E9B000519879 = {
			isa = PBXGroup;
			children = (
				8CE5EEEE29A3E9B000519879 /* ShopfiyProject */,
				8CE5EF0829A3E9B500519879 /* ShopfiyProjectTests */,
				8CE5EF1229A3E9B500519879 /* ShopfiyProjectUITests */,
				8CE5EEED29A3E9B000519879 /* Products */,
			);
			sourceTree = "<group>";
		};
		8CE5EEED29A3E9B000519879 /* Products */ = {
			isa = PBXGroup;
			children = (
				8CE5EEEC29A3E9B000519879 /* ShopfiyProject.app */,
				8CE5EF0529A3E9B500519879 /* ShopfiyProjectTests.xctest */,
				8CE5EF0F29A3E9B500519879 /* ShopfiyProjectUITests.xctest */,
			);
			name = Products;
			sourceTree = "<group>";
		};
		8CE5EEEE29A3E9B000519879 /* ShopfiyProject */ = {
			isa = PBXGroup;
			children = (
				8CE5EEEF29A3E9B000519879 /* AppDelegate.swift */,
				8CE5EEF129A3E9B000519879 /* SceneDelegate.swift */,
				8CE5EEF329A3E9B000519879 /* ViewController.swift */,
				8CE5EEF529A3E9B000519879 /* Main.storyboard */,
				8CE5EEFB29A3E9B400519879 /* Assets.xcassets */,
				8CE5EEFD29A3E9B400519879 /* LaunchScreen.storyboard */,
				8CE5EF0029A3E9B400519879 /* Info.plist */,
				8CE5EEF829A3E9B000519879 /* ShopfiyProject.xcdatamodeld */,
				0371FC9529A3F3E700608875 /* ThirdStoryBoard.storyboard */,
				0371FC9729A3F48B00608875 /* ProductDetailsViewController.swift */,
				0371FC9929A3F63A00608875 /* SeeMoreReviewsViewController.swift */,
				0371FC9B29A3F6C500608875 /* ReviewTableViewCell.swift */,
				0371FC9C29A3F6C500608875 /* ReviewTableViewCell.xib */,
				0371FC9F29A3F7EB00608875 /* ProductDetailsImgCollectionViewCell.swift */,
			);
			path = ShopfiyProject;
			sourceTree = "<group>";
		};
		8CE5EF0829A3E9B500519879 /* ShopfiyProjectTests */ = {
			isa = PBXGroup;
			children = (
				8CE5EF0929A3E9B500519879 /* ShopfiyProjectTests.swift */,
			);
			path = ShopfiyProjectTests;
			sourceTree = "<group>";
		};
		8CE5EF1229A3E9B500519879 /* ShopfiyProjectUITests */ = {
			isa = PBXGroup;
			children = (
				8CE5EF1329A3E9B500519879 /* ShopfiyProjectUITests.swift */,
				8CE5EF1529A3E9B500519879 /* ShopfiyProjectUITestsLaunchTests.swift */,
			);
			path = ShopfiyProjectUITests;
			sourceTree = "<group>";
		};
/* End PBXGroup section */

/* Begin PBXNativeTarget section */
		8CE5EEEB29A3E9B000519879 /* ShopfiyProject */ = {
			isa = PBXNativeTarget;
			buildConfigurationList = 8CE5EF1929A3E9B500519879 /* Build configuration list for PBXNativeTarget "ShopfiyProject" */;
			buildPhases = (
				8CE5EEE829A3E9B000519879 /* Sources */,
				8CE5EEE929A3E9B000519879 /* Frameworks */,
				8CE5EEEA29A3E9B000519879 /* Resources */,
			);
			buildRules = (
			);
			dependencies = (
			);
			name = ShopfiyProject;
			productName = ShopfiyProject;
			productReference = 8CE5EEEC29A3E9B000519879 /* ShopfiyProject.app */;
			productType = "com.apple.product-type.application";
		};
		8CE5EF0429A3E9B500519879 /* ShopfiyProjectTests */ = {
			isa = PBXNativeTarget;
			buildConfigurationList = 8CE5EF1C29A3E9B500519879 /* Build configuration list for PBXNativeTarget "ShopfiyProjectTests" */;
			buildPhases = (
				8CE5EF0129A3E9B500519879 /* Sources */,
				8CE5EF0229A3E9B500519879 /* Frameworks */,
				8CE5EF0329A3E9B500519879 /* Resources */,
			);
			buildRules = (
			);
			dependencies = (
				8CE5EF0729A3E9B500519879 /* PBXTargetDependency */,
			);
			name = ShopfiyProjectTests;
			productName = ShopfiyProjectTests;
			productReference = 8CE5EF0529A3E9B500519879 /* ShopfiyProjectTests.xctest */;
			productType = "com.apple.product-type.bundle.unit-test";
		};
		8CE5EF0E29A3E9B500519879 /* ShopfiyProjectUITests */ = {
			isa = PBXNativeTarget;
			buildConfigurationList = 8CE5EF1F29A3E9B500519879 /* Build configuration list for PBXNativeTarget "ShopfiyProjectUITests" */;
			buildPhases = (
				8CE5EF0B29A3E9B500519879 /* Sources */,
				8CE5EF0C29A3E9B500519879 /* Frameworks */,
				8CE5EF0D29A3E9B500519879 /* Resources */,
			);
			buildRules = (
			);
			dependencies = (
				8CE5EF1129A3E9B500519879 /* PBXTargetDependency */,
			);
			name = ShopfiyProjectUITests;
			productName = ShopfiyProjectUITests;
			productReference = 8CE5EF0F29A3E9B500519879 /* ShopfiyProjectUITests.xctest */;
			productType = "com.apple.product-type.bundle.ui-testing";
		};
/* End PBXNativeTarget section */

/* Begin PBXProject section */
		8CE5EEE429A3E9B000519879 /* Project object */ = {
			isa = PBXProject;
			attributes = {
				BuildIndependentTargetsInParallel = 1;
				LastSwiftUpdateCheck = 1420;
				LastUpgradeCheck = 1420;
				TargetAttributes = {
					8CE5EEEB29A3E9B000519879 = {
						CreatedOnToolsVersion = 14.2;
					};
					8CE5EF0429A3E9B500519879 = {
						CreatedOnToolsVersion = 14.2;
						TestTargetID = 8CE5EEEB29A3E9B000519879;
					};
					8CE5EF0E29A3E9B500519879 = {
						CreatedOnToolsVersion = 14.2;
						TestTargetID = 8CE5EEEB29A3E9B000519879;
					};
				};
			};
			buildConfigurationList = 8CE5EEE729A3E9B000519879 /* Build configuration list for PBXProject "ShopfiyProject" */;
			compatibilityVersion = "Xcode 14.0";
			developmentRegion = en;
			hasScannedForEncodings = 0;
			knownRegions = (
				en,
				Base,
			);
			mainGroup = 8CE5EEE329A3E9B000519879;
			productRefGroup = 8CE5EEED29A3E9B000519879 /* Products */;
			projectDirPath = "";
			projectRoot = "";
			targets = (
				8CE5EEEB29A3E9B000519879 /* ShopfiyProject */,
				8CE5EF0429A3E9B500519879 /* ShopfiyProjectTests */,
				8CE5EF0E29A3E9B500519879 /* ShopfiyProjectUITests */,
			);
		};
/* End PBXProject section */

/* Begin PBXResourcesBuildPhase section */
		8CE5EEEA29A3E9B000519879 /* Resources */ = {
			isa = PBXResourcesBuildPhase;
			buildActionMask = 2147483647;
			files = (
				8CE5EEFF29A3E9B400519879 /* LaunchScreen.storyboard in Resources */,
				0371FC9629A3F3E700608875 /* ThirdStoryBoard.storyboard in Resources */,
				8CE5EEFC29A3E9B400519879 /* Assets.xcassets in Resources */,
				0371FC9E29A3F6C500608875 /* ReviewTableViewCell.xib in Resources */,
				8CE5EEF729A3E9B000519879 /* Main.storyboard in Resources */,
			);
			runOnlyForDeploymentPostprocessing = 0;
		};
		8CE5EF0329A3E9B500519879 /* Resources */ = {
			isa = PBXResourcesBuildPhase;
			buildActionMask = 2147483647;
			files = (
			);
			runOnlyForDeploymentPostprocessing = 0;
		};
		8CE5EF0D29A3E9B500519879 /* Resources */ = {
			isa = PBXResourcesBuildPhase;
			buildActionMask = 2147483647;
			files = (
			);
			runOnlyForDeploymentPostprocessing = 0;
		};
/* End PBXResourcesBuildPhase section */

/* Begin PBXSourcesBuildPhase section */
		8CE5EEE829A3E9B000519879 /* Sources */ = {
			isa = PBXSourcesBuildPhase;
			buildActionMask = 2147483647;
			files = (
				8CE5EEFA29A3E9B000519879 /* ShopfiyProject.xcdatamodeld in Sources */,
				0371FC9A29A3F63A00608875 /* SeeMoreReviewsViewController.swift in Sources */,
				8CE5EEF429A3E9B000519879 /* ViewController.swift in Sources */,
				8CE5EEF029A3E9B000519879 /* AppDelegate.swift in Sources */,
				0371FC9829A3F48B00608875 /* ProductDetailsViewController.swift in Sources */,
				0371FC9D29A3F6C500608875 /* ReviewTableViewCell.swift in Sources */,
				8CE5EEF229A3E9B000519879 /* SceneDelegate.swift in Sources */,
				0371FCA029A3F7EB00608875 /* ProductDetailsImgCollectionViewCell.swift in Sources */,
			);
			runOnlyForDeploymentPostprocessing = 0;
		};
		8CE5EF0129A3E9B500519879 /* Sources */ = {
			isa = PBXSourcesBuildPhase;
			buildActionMask = 2147483647;
			files = (
				8CE5EF0A29A3E9B500519879 /* ShopfiyProjectTests.swift in Sources */,
			);
			runOnlyForDeploymentPostprocessing = 0;
		};
		8CE5EF0B29A3E9B500519879 /* Sources */ = {
			isa = PBXSourcesBuildPhase;
			buildActionMask = 2147483647;
			files = (
				8CE5EF1429A3E9B500519879 /* ShopfiyProjectUITests.swift in Sources */,
				8CE5EF1629A3E9B500519879 /* ShopfiyProjectUITestsLaunchTests.swift in Sources */,
			);
			runOnlyForDeploymentPostprocessing = 0;
		};
/* End PBXSourcesBuildPhase section */

/* Begin PBXTargetDependency section */
		8CE5EF0729A3E9B500519879 /* PBXTargetDependency */ = {
			isa = PBXTargetDependency;
			target = 8CE5EEEB29A3E9B000519879 /* ShopfiyProject */;
			targetProxy = 8CE5EF0629A3E9B500519879 /* PBXContainerItemProxy */;
		};
		8CE5EF1129A3E9B500519879 /* PBXTargetDependency */ = {
			isa = PBXTargetDependency;
			target = 8CE5EEEB29A3E9B000519879 /* ShopfiyProject */;
			targetProxy = 8CE5EF1029A3E9B500519879 /* PBXContainerItemProxy */;
		};
/* End PBXTargetDependency section */

/* Begin PBXVariantGroup section */
		8CE5EEF529A3E9B000519879 /* Main.storyboard */ = {
			isa = PBXVariantGroup;
			children = (
				8CE5EEF629A3E9B000519879 /* Base */,
			);
			name = Main.storyboard;
			sourceTree = "<group>";
		};
		8CE5EEFD29A3E9B400519879 /* LaunchScreen.storyboard */ = {
			isa = PBXVariantGroup;
			children = (
				8CE5EEFE29A3E9B400519879 /* Base */,
			);
			name = LaunchScreen.storyboard;
			sourceTree = "<group>";
		};
/* End PBXVariantGroup section */

/* Begin XCBuildConfiguration section */
		8CE5EF1729A3E9B500519879 /* Debug */ = {
			isa = XCBuildConfiguration;
			buildSettings = {
				ALWAYS_SEARCH_USER_PATHS = NO;
				CLANG_ANALYZER_NONNULL = YES;
				CLANG_ANALYZER_NUMBER_OBJECT_CONVERSION = YES_AGGRESSIVE;
				CLANG_CXX_LANGUAGE_STANDARD = "gnu++20";
				CLANG_ENABLE_MODULES = YES;
				CLANG_ENABLE_OBJC_ARC = YES;
				CLANG_ENABLE_OBJC_WEAK = YES;
				CLANG_WARN_BLOCK_CAPTURE_AUTORELEASING = YES;
				CLANG_WARN_BOOL_CONVERSION = YES;
				CLANG_WARN_COMMA = YES;
				CLANG_WARN_CONSTANT_CONVERSION = YES;
				CLANG_WARN_DEPRECATED_OBJC_IMPLEMENTATIONS = YES;
				CLANG_WARN_DIRECT_OBJC_ISA_USAGE = YES_ERROR;
				CLANG_WARN_DOCUMENTATION_COMMENTS = YES;
				CLANG_WARN_EMPTY_BODY = YES;
				CLANG_WARN_ENUM_CONVERSION = YES;
				CLANG_WARN_INFINITE_RECURSION = YES;
				CLANG_WARN_INT_CONVERSION = YES;
				CLANG_WARN_NON_LITERAL_NULL_CONVERSION = YES;
				CLANG_WARN_OBJC_IMPLICIT_RETAIN_SELF = YES;
				CLANG_WARN_OBJC_LITERAL_CONVERSION = YES;
				CLANG_WARN_OBJC_ROOT_CLASS = YES_ERROR;
				CLANG_WARN_QUOTED_INCLUDE_IN_FRAMEWORK_HEADER = YES;
				CLANG_WARN_RANGE_LOOP_ANALYSIS = YES;
				CLANG_WARN_STRICT_PROTOTYPES = YES;
				CLANG_WARN_SUSPICIOUS_MOVE = YES;
				CLANG_WARN_UNGUARDED_AVAILABILITY = YES_AGGRESSIVE;
				CLANG_WARN_UNREACHABLE_CODE = YES;
				CLANG_WARN__DUPLICATE_METHOD_MATCH = YES;
				COPY_PHASE_STRIP = NO;
				DEBUG_INFORMATION_FORMAT = dwarf;
				ENABLE_STRICT_OBJC_MSGSEND = YES;
				ENABLE_TESTABILITY = YES;
				GCC_C_LANGUAGE_STANDARD = gnu11;
				GCC_DYNAMIC_NO_PIC = NO;
				GCC_NO_COMMON_BLOCKS = YES;
				GCC_OPTIMIZATION_LEVEL = 0;
				GCC_PREPROCESSOR_DEFINITIONS = (
					"DEBUG=1",
					"$(inherited)",
				);
				GCC_WARN_64_TO_32_BIT_CONVERSION = YES;
				GCC_WARN_ABOUT_RETURN_TYPE = YES_ERROR;
				GCC_WARN_UNDECLARED_SELECTOR = YES;
				GCC_WARN_UNINITIALIZED_AUTOS = YES_AGGRESSIVE;
				GCC_WARN_UNUSED_FUNCTION = YES;
				GCC_WARN_UNUSED_VARIABLE = YES;
				IPHONEOS_DEPLOYMENT_TARGET = 16.2;
				MTL_ENABLE_DEBUG_INFO = INCLUDE_SOURCE;
				MTL_FAST_MATH = YES;
				ONLY_ACTIVE_ARCH = YES;
				SDKROOT = iphoneos;
				SWIFT_ACTIVE_COMPILATION_CONDITIONS = DEBUG;
				SWIFT_OPTIMIZATION_LEVEL = "-Onone";
			};
			name = Debug;
		};
		8CE5EF1829A3E9B500519879 /* Release */ = {
			isa = XCBuildConfiguration;
			buildSettings = {
				ALWAYS_SEARCH_USER_PATHS = NO;
				CLANG_ANALYZER_NONNULL = YES;
				CLANG_ANALYZER_NUMBER_OBJECT_CONVERSION = YES_AGGRESSIVE;
				CLANG_CXX_LANGUAGE_STANDARD = "gnu++20";
				CLANG_ENABLE_MODULES = YES;
				CLANG_ENABLE_OBJC_ARC = YES;
				CLANG_ENABLE_OBJC_WEAK = YES;
				CLANG_WARN_BLOCK_CAPTURE_AUTORELEASING = YES;
				CLANG_WARN_BOOL_CONVERSION = YES;
				CLANG_WARN_COMMA = YES;
				CLANG_WARN_CONSTANT_CONVERSION = YES;
				CLANG_WARN_DEPRECATED_OBJC_IMPLEMENTATIONS = YES;
				CLANG_WARN_DIRECT_OBJC_ISA_USAGE = YES_ERROR;
				CLANG_WARN_DOCUMENTATION_COMMENTS = YES;
				CLANG_WARN_EMPTY_BODY = YES;
				CLANG_WARN_ENUM_CONVERSION = YES;
				CLANG_WARN_INFINITE_RECURSION = YES;
				CLANG_WARN_INT_CONVERSION = YES;
				CLANG_WARN_NON_LITERAL_NULL_CONVERSION = YES;
				CLANG_WARN_OBJC_IMPLICIT_RETAIN_SELF = YES;
				CLANG_WARN_OBJC_LITERAL_CONVERSION = YES;
				CLANG_WARN_OBJC_ROOT_CLASS = YES_ERROR;
				CLANG_WARN_QUOTED_INCLUDE_IN_FRAMEWORK_HEADER = YES;
				CLANG_WARN_RANGE_LOOP_ANALYSIS = YES;
				CLANG_WARN_STRICT_PROTOTYPES = YES;
				CLANG_WARN_SUSPICIOUS_MOVE = YES;
				CLANG_WARN_UNGUARDED_AVAILABILITY = YES_AGGRESSIVE;
				CLANG_WARN_UNREACHABLE_CODE = YES;
				CLANG_WARN__DUPLICATE_METHOD_MATCH = YES;
				COPY_PHASE_STRIP = NO;
				DEBUG_INFORMATION_FORMAT = "dwarf-with-dsym";
				ENABLE_NS_ASSERTIONS = NO;
				ENABLE_STRICT_OBJC_MSGSEND = YES;
				GCC_C_LANGUAGE_STANDARD = gnu11;
				GCC_NO_COMMON_BLOCKS = YES;
				GCC_WARN_64_TO_32_BIT_CONVERSION = YES;
				GCC_WARN_ABOUT_RETURN_TYPE = YES_ERROR;
				GCC_WARN_UNDECLARED_SELECTOR = YES;
				GCC_WARN_UNINITIALIZED_AUTOS = YES_AGGRESSIVE;
				GCC_WARN_UNUSED_FUNCTION = YES;
				GCC_WARN_UNUSED_VARIABLE = YES;
				IPHONEOS_DEPLOYMENT_TARGET = 16.2;
				MTL_ENABLE_DEBUG_INFO = NO;
				MTL_FAST_MATH = YES;
				SDKROOT = iphoneos;
				SWIFT_COMPILATION_MODE = wholemodule;
				SWIFT_OPTIMIZATION_LEVEL = "-O";
				VALIDATE_PRODUCT = YES;
			};
			name = Release;
		};
		8CE5EF1A29A3E9B500519879 /* Debug */ = {
			isa = XCBuildConfiguration;
			buildSettings = {
				ASSETCATALOG_COMPILER_APPICON_NAME = AppIcon;
				ASSETCATALOG_COMPILER_GLOBAL_ACCENT_COLOR_NAME = AccentColor;
				CODE_SIGN_STYLE = Automatic;
				CURRENT_PROJECT_VERSION = 1;
				GENERATE_INFOPLIST_FILE = YES;
				INFOPLIST_FILE = ShopfiyProject/Info.plist;
				INFOPLIST_KEY_UIApplicationSupportsIndirectInputEvents = YES;
				INFOPLIST_KEY_UILaunchStoryboardName = LaunchScreen;
				INFOPLIST_KEY_UIMainStoryboardFile = Main;
				INFOPLIST_KEY_UISupportedInterfaceOrientations_iPad = "UIInterfaceOrientationPortrait UIInterfaceOrientationPortraitUpsideDown UIInterfaceOrientationLandscapeLeft UIInterfaceOrientationLandscapeRight";
				INFOPLIST_KEY_UISupportedInterfaceOrientations_iPhone = "UIInterfaceOrientationPortrait UIInterfaceOrientationLandscapeLeft UIInterfaceOrientationLandscapeRight";
				LD_RUNPATH_SEARCH_PATHS = (
					"$(inherited)",
					"@executable_path/Frameworks",
				);
				MARKETING_VERSION = 1.0;
				PRODUCT_BUNDLE_IDENTIFIER = fri.ShopfiyProject;
				PRODUCT_NAME = "$(TARGET_NAME)";
				SWIFT_EMIT_LOC_STRINGS = YES;
				SWIFT_VERSION = 5.0;
				TARGETED_DEVICE_FAMILY = "1,2";
			};
			name = Debug;
		};
		8CE5EF1B29A3E9B500519879 /* Release */ = {
			isa = XCBuildConfiguration;
			buildSettings = {
				ASSETCATALOG_COMPILER_APPICON_NAME = AppIcon;
				ASSETCATALOG_COMPILER_GLOBAL_ACCENT_COLOR_NAME = AccentColor;
				CODE_SIGN_STYLE = Automatic;
				CURRENT_PROJECT_VERSION = 1;
				GENERATE_INFOPLIST_FILE = YES;
				INFOPLIST_FILE = ShopfiyProject/Info.plist;
				INFOPLIST_KEY_UIApplicationSupportsIndirectInputEvents = YES;
				INFOPLIST_KEY_UILaunchStoryboardName = LaunchScreen;
				INFOPLIST_KEY_UIMainStoryboardFile = Main;
				INFOPLIST_KEY_UISupportedInterfaceOrientations_iPad = "UIInterfaceOrientationPortrait UIInterfaceOrientationPortraitUpsideDown UIInterfaceOrientationLandscapeLeft UIInterfaceOrientationLandscapeRight";
				INFOPLIST_KEY_UISupportedInterfaceOrientations_iPhone = "UIInterfaceOrientationPortrait UIInterfaceOrientationLandscapeLeft UIInterfaceOrientationLandscapeRight";
				LD_RUNPATH_SEARCH_PATHS = (
					"$(inherited)",
					"@executable_path/Frameworks",
				);
				MARKETING_VERSION = 1.0;
				PRODUCT_BUNDLE_IDENTIFIER = fri.ShopfiyProject;
				PRODUCT_NAME = "$(TARGET_NAME)";
				SWIFT_EMIT_LOC_STRINGS = YES;
				SWIFT_VERSION = 5.0;
				TARGETED_DEVICE_FAMILY = "1,2";
			};
			name = Release;
		};
		8CE5EF1D29A3E9B500519879 /* Debug */ = {
			isa = XCBuildConfiguration;
			buildSettings = {
				ALWAYS_EMBED_SWIFT_STANDARD_LIBRARIES = YES;
				BUNDLE_LOADER = "$(TEST_HOST)";
				CODE_SIGN_STYLE = Automatic;
				CURRENT_PROJECT_VERSION = 1;
				GENERATE_INFOPLIST_FILE = YES;
				IPHONEOS_DEPLOYMENT_TARGET = 16.2;
				MARKETING_VERSION = 1.0;
				PRODUCT_BUNDLE_IDENTIFIER = fri.ShopfiyProjectTests;
				PRODUCT_NAME = "$(TARGET_NAME)";
				SWIFT_EMIT_LOC_STRINGS = NO;
				SWIFT_VERSION = 5.0;
				TARGETED_DEVICE_FAMILY = "1,2";
				TEST_HOST = "$(BUILT_PRODUCTS_DIR)/ShopfiyProject.app/$(BUNDLE_EXECUTABLE_FOLDER_PATH)/ShopfiyProject";
			};
			name = Debug;
		};
		8CE5EF1E29A3E9B500519879 /* Release */ = {
			isa = XCBuildConfiguration;
			buildSettings = {
				ALWAYS_EMBED_SWIFT_STANDARD_LIBRARIES = YES;
				BUNDLE_LOADER = "$(TEST_HOST)";
				CODE_SIGN_STYLE = Automatic;
				CURRENT_PROJECT_VERSION = 1;
				GENERATE_INFOPLIST_FILE = YES;
				IPHONEOS_DEPLOYMENT_TARGET = 16.2;
				MARKETING_VERSION = 1.0;
				PRODUCT_BUNDLE_IDENTIFIER = fri.ShopfiyProjectTests;
				PRODUCT_NAME = "$(TARGET_NAME)";
				SWIFT_EMIT_LOC_STRINGS = NO;
				SWIFT_VERSION = 5.0;
				TARGETED_DEVICE_FAMILY = "1,2";
				TEST_HOST = "$(BUILT_PRODUCTS_DIR)/ShopfiyProject.app/$(BUNDLE_EXECUTABLE_FOLDER_PATH)/ShopfiyProject";
			};
			name = Release;
		};
		8CE5EF2029A3E9B500519879 /* Debug */ = {
			isa = XCBuildConfiguration;
			buildSettings = {
				ALWAYS_EMBED_SWIFT_STANDARD_LIBRARIES = YES;
				CODE_SIGN_STYLE = Automatic;
				CURRENT_PROJECT_VERSION = 1;
				GENERATE_INFOPLIST_FILE = YES;
				MARKETING_VERSION = 1.0;
				PRODUCT_BUNDLE_IDENTIFIER = fri.ShopfiyProjectUITests;
				PRODUCT_NAME = "$(TARGET_NAME)";
				SWIFT_EMIT_LOC_STRINGS = NO;
				SWIFT_VERSION = 5.0;
				TARGETED_DEVICE_FAMILY = "1,2";
				TEST_TARGET_NAME = ShopfiyProject;
			};
			name = Debug;
		};
		8CE5EF2129A3E9B500519879 /* Release */ = {
			isa = XCBuildConfiguration;
			buildSettings = {
				ALWAYS_EMBED_SWIFT_STANDARD_LIBRARIES = YES;
				CODE_SIGN_STYLE = Automatic;
				CURRENT_PROJECT_VERSION = 1;
				GENERATE_INFOPLIST_FILE = YES;
				MARKETING_VERSION = 1.0;
				PRODUCT_BUNDLE_IDENTIFIER = fri.ShopfiyProjectUITests;
				PRODUCT_NAME = "$(TARGET_NAME)";
				SWIFT_EMIT_LOC_STRINGS = NO;
				SWIFT_VERSION = 5.0;
				TARGETED_DEVICE_FAMILY = "1,2";
				TEST_TARGET_NAME = ShopfiyProject;
			};
			name = Release;
		};
/* End XCBuildConfiguration section */

/* Begin XCConfigurationList section */
		8CE5EEE729A3E9B000519879 /* Build configuration list for PBXProject "ShopfiyProject" */ = {
			isa = XCConfigurationList;
			buildConfigurations = (
				8CE5EF1729A3E9B500519879 /* Debug */,
				8CE5EF1829A3E9B500519879 /* Release */,
			);
			defaultConfigurationIsVisible = 0;
			defaultConfigurationName = Release;
		};
		8CE5EF1929A3E9B500519879 /* Build configuration list for PBXNativeTarget "ShopfiyProject" */ = {
			isa = XCConfigurationList;
			buildConfigurations = (
				8CE5EF1A29A3E9B500519879 /* Debug */,
				8CE5EF1B29A3E9B500519879 /* Release */,
			);
			defaultConfigurationIsVisible = 0;
			defaultConfigurationName = Release;
		};
		8CE5EF1C29A3E9B500519879 /* Build configuration list for PBXNativeTarget "ShopfiyProjectTests" */ = {
			isa = XCConfigurationList;
			buildConfigurations = (
				8CE5EF1D29A3E9B500519879 /* Debug */,
				8CE5EF1E29A3E9B500519879 /* Release */,
			);
			defaultConfigurationIsVisible = 0;
			defaultConfigurationName = Release;
		};
		8CE5EF1F29A3E9B500519879 /* Build configuration list for PBXNativeTarget "ShopfiyProjectUITests" */ = {
			isa = XCConfigurationList;
			buildConfigurations = (
				8CE5EF2029A3E9B500519879 /* Debug */,
				8CE5EF2129A3E9B500519879 /* Release */,
			);
			defaultConfigurationIsVisible = 0;
			defaultConfigurationName = Release;
		};
/* End XCConfigurationList section */

/* Begin XCVersionGroup section */
		8CE5EEF829A3E9B000519879 /* ShopfiyProject.xcdatamodeld */ = {
			isa = XCVersionGroup;
			children = (
				8CE5EEF929A3E9B000519879 /* ShopfiyProject.xcdatamodel */,
			);
			currentVersion = 8CE5EEF929A3E9B000519879 /* ShopfiyProject.xcdatamodel */;
			path = ShopfiyProject.xcdatamodeld;
			sourceTree = "<group>";
			versionGroupType = wrapper.xcdatamodel;
		};
/* End XCVersionGroup section */
	};
	rootObject = 8CE5EEE429A3E9B000519879 /* Project object */;
}
