// !$*UTF8*$!
{
	archiveVersion = 1;
	classes = {
	};
	objectVersion = 56;
	objects = {

/* Begin PBXBuildFile section */
		03714DAC29A4A932000A0528 /* OrderTableViewCell.swift in Sources */ = {isa = PBXBuildFile; fileRef = 03714DAA29A4A932000A0528 /* OrderTableViewCell.swift */; };
		03714DAD29A4A932000A0528 /* OrderTableViewCell.xib in Resources */ = {isa = PBXBuildFile; fileRef = 03714DAB29A4A932000A0528 /* OrderTableViewCell.xib */; };
		03714DAF29A4B6A4000A0528 /* MoreOrdersViewController.swift in Sources */ = {isa = PBXBuildFile; fileRef = 03714DAE29A4B6A4000A0528 /* MoreOrdersViewController.swift */; };
		0371FC9629A3F3E700608875 /* ThirdStoryBoard.storyboard in Resources */ = {isa = PBXBuildFile; fileRef = 0371FC9529A3F3E700608875 /* ThirdStoryBoard.storyboard */; };
		0371FC9829A3F48B00608875 /* ProductDetailsViewController.swift in Sources */ = {isa = PBXBuildFile; fileRef = 0371FC9729A3F48B00608875 /* ProductDetailsViewController.swift */; };
		0371FC9A29A3F63A00608875 /* SeeMoreReviewsViewController.swift in Sources */ = {isa = PBXBuildFile; fileRef = 0371FC9929A3F63A00608875 /* SeeMoreReviewsViewController.swift */; };
		0371FC9D29A3F6C500608875 /* ReviewTableViewCell.swift in Sources */ = {isa = PBXBuildFile; fileRef = 0371FC9B29A3F6C500608875 /* ReviewTableViewCell.swift */; };
		0371FC9E29A3F6C500608875 /* ReviewTableViewCell.xib in Resources */ = {isa = PBXBuildFile; fileRef = 0371FC9C29A3F6C500608875 /* ReviewTableViewCell.xib */; };
		0371FCA029A3F7EB00608875 /* ProductDetailsImgCollectionViewCell.swift in Sources */ = {isa = PBXBuildFile; fileRef = 0371FC9F29A3F7EB00608875 /* ProductDetailsImgCollectionViewCell.swift */; };
		0371FCA229A40DB700608875 /* WishListViewController.swift in Sources */ = {isa = PBXBuildFile; fileRef = 0371FCA129A40DB700608875 /* WishListViewController.swift */; };
		0371FCA429A40FE000608875 /* LoginScreenViewController.swift in Sources */ = {isa = PBXBuildFile; fileRef = 0371FCA329A40FE000608875 /* LoginScreenViewController.swift */; };
		0371FCA629A419CF00608875 /* SignUpScreenViewController.swift in Sources */ = {isa = PBXBuildFile; fileRef = 0371FCA529A419CF00608875 /* SignUpScreenViewController.swift */; };
		0371FCA829A427AF00608875 /* MeViewController.swift in Sources */ = {isa = PBXBuildFile; fileRef = 0371FCA729A427AF00608875 /* MeViewController.swift */; };
		399A3D447ED7B579A4984C4E /* Pods_ShopfiyProject_ShopfiyProjectUITests.framework in Frameworks */ = {isa = PBXBuildFile; fileRef = E3AAFA5FFC1CC1A66E5FA6B4 /* Pods_ShopfiyProject_ShopfiyProjectUITests.framework */; };
		401590B656441CE7E5A02E3D /* Pods_ShopfiyProjectTests.framework in Frameworks */ = {isa = PBXBuildFile; fileRef = BBEF4AC92D6A7FB92112DD47 /* Pods_ShopfiyProjectTests.framework */; };
		8C55131429A4B6440066B62E /* BrandDetailsViewController.swift in Sources */ = {isa = PBXBuildFile; fileRef = 8C55131329A4B6440066B62E /* BrandDetailsViewController.swift */; };
		8C55131629A4CB530066B62E /* SearchViewController.swift in Sources */ = {isa = PBXBuildFile; fileRef = 8C55131529A4CB530066B62E /* SearchViewController.swift */; };
		8C55131829A4DF920066B62E /* NavigationBarProtcol.swift in Sources */ = {isa = PBXBuildFile; fileRef = 8C55131729A4DF920066B62E /* NavigationBarProtcol.swift */; };
		8C93DFCC29A4137C002665D4 /* HomeViewController.swift in Sources */ = {isa = PBXBuildFile; fileRef = 8C93DFC629A41373002665D4 /* HomeViewController.swift */; };
		8C93DFCD29A4137C002665D4 /* TabBarViewController.swift in Sources */ = {isa = PBXBuildFile; fileRef = 8C93DFC729A41375002665D4 /* TabBarViewController.swift */; };
		8C93DFCE29A4137C002665D4 /* BrandCollectionViewCell.swift in Sources */ = {isa = PBXBuildFile; fileRef = 8C93DFC829A41376002665D4 /* BrandCollectionViewCell.swift */; };
		8C93DFCF29A4137C002665D4 /* OffersCollectionViewCell.swift in Sources */ = {isa = PBXBuildFile; fileRef = 8C93DFC929A41378002665D4 /* OffersCollectionViewCell.swift */; };
		8C93DFD029A4137C002665D4 /* OffersCollectionViewCell.xib in Resources */ = {isa = PBXBuildFile; fileRef = 8C93DFCA29A41379002665D4 /* OffersCollectionViewCell.xib */; };
		8C93DFD129A4137C002665D4 /* BrandCollectionViewCell.xib in Resources */ = {isa = PBXBuildFile; fileRef = 8C93DFCB29A4137B002665D4 /* BrandCollectionViewCell.xib */; };
		8C93DFD429A41709002665D4 /* CategoryViewController.swift in Sources */ = {isa = PBXBuildFile; fileRef = 8C93DFD329A41709002665D4 /* CategoryViewController.swift */; };
		8C93DFD729A423E3002665D4 /* CategoryCollectionViewCell.swift in Sources */ = {isa = PBXBuildFile; fileRef = 8C93DFD529A423E3002665D4 /* CategoryCollectionViewCell.swift */; };
		8C93DFD829A423E3002665D4 /* CategoryCollectionViewCell.xib in Resources */ = {isa = PBXBuildFile; fileRef = 8C93DFD629A423E3002665D4 /* CategoryCollectionViewCell.xib */; };
		8CE5EEF029A3E9B000519879 /* AppDelegate.swift in Sources */ = {isa = PBXBuildFile; fileRef = 8CE5EEEF29A3E9B000519879 /* AppDelegate.swift */; };
		8CE5EEF229A3E9B000519879 /* SceneDelegate.swift in Sources */ = {isa = PBXBuildFile; fileRef = 8CE5EEF129A3E9B000519879 /* SceneDelegate.swift */; };
		8CE5EEF429A3E9B000519879 /* ViewController.swift in Sources */ = {isa = PBXBuildFile; fileRef = 8CE5EEF329A3E9B000519879 /* ViewController.swift */; };
		8CE5EEF729A3E9B000519879 /* Main.storyboard in Resources */ = {isa = PBXBuildFile; fileRef = 8CE5EEF529A3E9B000519879 /* Main.storyboard */; };
		8CE5EEFA29A3E9B000519879 /* ShopfiyProject.xcdatamodeld in Sources */ = {isa = PBXBuildFile; fileRef = 8CE5EEF829A3E9B000519879 /* ShopfiyProject.xcdatamodeld */; };
		8CE5EEFC29A3E9B400519879 /* Assets.xcassets in Resources */ = {isa = PBXBuildFile; fileRef = 8CE5EEFB29A3E9B400519879 /* Assets.xcassets */; };
		8CE5EEFF29A3E9B400519879 /* LaunchScreen.storyboard in Resources */ = {isa = PBXBuildFile; fileRef = 8CE5EEFD29A3E9B400519879 /* LaunchScreen.storyboard */; };
		8CE5EF0A29A3E9B500519879 /* ShopfiyProjectTests.swift in Sources */ = {isa = PBXBuildFile; fileRef = 8CE5EF0929A3E9B500519879 /* ShopfiyProjectTests.swift */; };
		8CE5EF1429A3E9B500519879 /* ShopfiyProjectUITests.swift in Sources */ = {isa = PBXBuildFile; fileRef = 8CE5EF1329A3E9B500519879 /* ShopfiyProjectUITests.swift */; };
		8CE5EF1629A3E9B500519879 /* ShopfiyProjectUITestsLaunchTests.swift in Sources */ = {isa = PBXBuildFile; fileRef = 8CE5EF1529A3E9B500519879 /* ShopfiyProjectUITestsLaunchTests.swift */; };
		C98BDB2229A5679500E83716 /* PaymentViewController.swift in Sources */ = {isa = PBXBuildFile; fileRef = C98BDB2129A5679500E83716 /* PaymentViewController.swift */; };
		C98BDB2529A56C5100E83716 /* UIExtension.swift in Sources */ = {isa = PBXBuildFile; fileRef = C98BDB2429A56C5100E83716 /* UIExtension.swift */; };
		C98E310729A57A6B0034794C /* ShoppingCartNipTableViewCell.swift in Sources */ = {isa = PBXBuildFile; fileRef = C98E310529A57A6B0034794C /* ShoppingCartNipTableViewCell.swift */; };
		C98E310829A57A6B0034794C /* ShoppingCartNipTableViewCell.xib in Resources */ = {isa = PBXBuildFile; fileRef = C98E310629A57A6B0034794C /* ShoppingCartNipTableViewCell.xib */; };
		C992FBA929A4E84100DBD419 /* AddressConfigurationViewController.swift in Sources */ = {isa = PBXBuildFile; fileRef = C992FBA829A4E84100DBD419 /* AddressConfigurationViewController.swift */; };
		C9C261D129A3ED360012D4C5 /* ShoppingCartViewController.swift in Sources */ = {isa = PBXBuildFile; fileRef = C9C261CC29A3ED360012D4C5 /* ShoppingCartViewController.swift */; };
		C9C261D229A3ED360012D4C5 /* ShoppingCartTableViewCell.swift in Sources */ = {isa = PBXBuildFile; fileRef = C9C261CD29A3ED360012D4C5 /* ShoppingCartTableViewCell.swift */; };
		C9C261D329A3ED360012D4C5 /* SettingsViewController.swift in Sources */ = {isa = PBXBuildFile; fileRef = C9C261CE29A3ED360012D4C5 /* SettingsViewController.swift */; };
		C9C261D529A3ED430012D4C5 /* SecondStoryboard.storyboard in Resources */ = {isa = PBXBuildFile; fileRef = C9C261D429A3ED430012D4C5 /* SecondStoryboard.storyboard */; };
		C9C261DA29A407CF0012D4C5 /* AddressViewController.swift in Sources */ = {isa = PBXBuildFile; fileRef = C9C261D929A407CF0012D4C5 /* AddressViewController.swift */; };
		C9E85E8629A6B26800BAC6A3 /* AddressTableViewCell.swift in Sources */ = {isa = PBXBuildFile; fileRef = C9E85E8529A6B26800BAC6A3 /* AddressTableViewCell.swift */; };
		F6521A2683A601415BB37A91 /* Pods_ShopfiyProject.framework in Frameworks */ = {isa = PBXBuildFile; fileRef = DCBE50A2D9D2F1FB0FDBA1AC /* Pods_ShopfiyProject.framework */; };
/* End PBXBuildFile section */

/* Begin PBXContainerItemProxy section */
		8CE5EF0629A3E9B500519879 /* PBXContainerItemProxy */ = {
			isa = PBXContainerItemProxy;
			containerPortal = 8CE5EEE429A3E9B000519879 /* Project object */;
			proxyType = 1;
			remoteGlobalIDString = 8CE5EEEB29A3E9B000519879;
			remoteInfo = ShopfiyProject;
		};
		8CE5EF1029A3E9B500519879 /* PBXContainerItemProxy */ = {
			isa = PBXContainerItemProxy;
			containerPortal = 8CE5EEE429A3E9B000519879 /* Project object */;
			proxyType = 1;
			remoteGlobalIDString = 8CE5EEEB29A3E9B000519879;
			remoteInfo = ShopfiyProject;
		};
/* End PBXContainerItemProxy section */

/* Begin PBXFileReference section */
		03714DAA29A4A932000A0528 /* OrderTableViewCell.swift */ = {isa = PBXFileReference; lastKnownFileType = sourcecode.swift; path = OrderTableViewCell.swift; sourceTree = "<group>"; };
		03714DAB29A4A932000A0528 /* OrderTableViewCell.xib */ = {isa = PBXFileReference; lastKnownFileType = file.xib; path = OrderTableViewCell.xib; sourceTree = "<group>"; };
		03714DAE29A4B6A4000A0528 /* MoreOrdersViewController.swift */ = {isa = PBXFileReference; lastKnownFileType = sourcecode.swift; path = MoreOrdersViewController.swift; sourceTree = "<group>"; };
		0371FC9529A3F3E700608875 /* ThirdStoryBoard.storyboard */ = {isa = PBXFileReference; lastKnownFileType = file.storyboard; path = ThirdStoryBoard.storyboard; sourceTree = "<group>"; };
		0371FC9729A3F48B00608875 /* ProductDetailsViewController.swift */ = {isa = PBXFileReference; lastKnownFileType = sourcecode.swift; path = ProductDetailsViewController.swift; sourceTree = "<group>"; };
		0371FC9929A3F63A00608875 /* SeeMoreReviewsViewController.swift */ = {isa = PBXFileReference; lastKnownFileType = sourcecode.swift; path = SeeMoreReviewsViewController.swift; sourceTree = "<group>"; };
		0371FC9B29A3F6C500608875 /* ReviewTableViewCell.swift */ = {isa = PBXFileReference; lastKnownFileType = sourcecode.swift; path = ReviewTableViewCell.swift; sourceTree = "<group>"; };
		0371FC9C29A3F6C500608875 /* ReviewTableViewCell.xib */ = {isa = PBXFileReference; lastKnownFileType = file.xib; path = ReviewTableViewCell.xib; sourceTree = "<group>"; };
		0371FC9F29A3F7EB00608875 /* ProductDetailsImgCollectionViewCell.swift */ = {isa = PBXFileReference; lastKnownFileType = sourcecode.swift; path = ProductDetailsImgCollectionViewCell.swift; sourceTree = "<group>"; };
		0371FCA129A40DB700608875 /* WishListViewController.swift */ = {isa = PBXFileReference; lastKnownFileType = sourcecode.swift; path = WishListViewController.swift; sourceTree = "<group>"; };
		0371FCA329A40FE000608875 /* LoginScreenViewController.swift */ = {isa = PBXFileReference; lastKnownFileType = sourcecode.swift; path = LoginScreenViewController.swift; sourceTree = "<group>"; };
		0371FCA529A419CF00608875 /* SignUpScreenViewController.swift */ = {isa = PBXFileReference; lastKnownFileType = sourcecode.swift; path = SignUpScreenViewController.swift; sourceTree = "<group>"; };
		0371FCA729A427AF00608875 /* MeViewController.swift */ = {isa = PBXFileReference; lastKnownFileType = sourcecode.swift; path = MeViewController.swift; sourceTree = "<group>"; };
		560362561849D188CFC007D0 /* Pods-ShopfiyProject.release.xcconfig */ = {isa = PBXFileReference; includeInIndex = 1; lastKnownFileType = text.xcconfig; name = "Pods-ShopfiyProject.release.xcconfig"; path = "Target Support Files/Pods-ShopfiyProject/Pods-ShopfiyProject.release.xcconfig"; sourceTree = "<group>"; };
		5A04F03DA4404878E1733F06 /* Pods-ShopfiyProjectTests.release.xcconfig */ = {isa = PBXFileReference; includeInIndex = 1; lastKnownFileType = text.xcconfig; name = "Pods-ShopfiyProjectTests.release.xcconfig"; path = "Target Support Files/Pods-ShopfiyProjectTests/Pods-ShopfiyProjectTests.release.xcconfig"; sourceTree = "<group>"; };
		705B8463452972E8C7BD71AE /* Pods-ShopfiyProject-ShopfiyProjectUITests.release.xcconfig */ = {isa = PBXFileReference; includeInIndex = 1; lastKnownFileType = text.xcconfig; name = "Pods-ShopfiyProject-ShopfiyProjectUITests.release.xcconfig"; path = "Target Support Files/Pods-ShopfiyProject-ShopfiyProjectUITests/Pods-ShopfiyProject-ShopfiyProjectUITests.release.xcconfig"; sourceTree = "<group>"; };
		8C55131329A4B6440066B62E /* BrandDetailsViewController.swift */ = {isa = PBXFileReference; lastKnownFileType = sourcecode.swift; path = BrandDetailsViewController.swift; sourceTree = "<group>"; };
		8C55131529A4CB530066B62E /* SearchViewController.swift */ = {isa = PBXFileReference; lastKnownFileType = sourcecode.swift; path = SearchViewController.swift; sourceTree = "<group>"; };
		8C55131729A4DF920066B62E /* NavigationBarProtcol.swift */ = {isa = PBXFileReference; lastKnownFileType = sourcecode.swift; path = NavigationBarProtcol.swift; sourceTree = "<group>"; };
		8C93DFC629A41373002665D4 /* HomeViewController.swift */ = {isa = PBXFileReference; fileEncoding = 4; lastKnownFileType = sourcecode.swift; path = HomeViewController.swift; sourceTree = "<group>"; };
		8C93DFC729A41375002665D4 /* TabBarViewController.swift */ = {isa = PBXFileReference; fileEncoding = 4; lastKnownFileType = sourcecode.swift; path = TabBarViewController.swift; sourceTree = "<group>"; };
		8C93DFC829A41376002665D4 /* BrandCollectionViewCell.swift */ = {isa = PBXFileReference; fileEncoding = 4; lastKnownFileType = sourcecode.swift; path = BrandCollectionViewCell.swift; sourceTree = "<group>"; };
		8C93DFC929A41378002665D4 /* OffersCollectionViewCell.swift */ = {isa = PBXFileReference; fileEncoding = 4; lastKnownFileType = sourcecode.swift; path = OffersCollectionViewCell.swift; sourceTree = "<group>"; };
		8C93DFCA29A41379002665D4 /* OffersCollectionViewCell.xib */ = {isa = PBXFileReference; fileEncoding = 4; lastKnownFileType = file.xib; path = OffersCollectionViewCell.xib; sourceTree = "<group>"; };
		8C93DFCB29A4137B002665D4 /* BrandCollectionViewCell.xib */ = {isa = PBXFileReference; fileEncoding = 4; lastKnownFileType = file.xib; path = BrandCollectionViewCell.xib; sourceTree = "<group>"; };
		8C93DFD329A41709002665D4 /* CategoryViewController.swift */ = {isa = PBXFileReference; lastKnownFileType = sourcecode.swift; path = CategoryViewController.swift; sourceTree = "<group>"; };
		8C93DFD529A423E3002665D4 /* CategoryCollectionViewCell.swift */ = {isa = PBXFileReference; lastKnownFileType = sourcecode.swift; path = CategoryCollectionViewCell.swift; sourceTree = "<group>"; };
		8C93DFD629A423E3002665D4 /* CategoryCollectionViewCell.xib */ = {isa = PBXFileReference; lastKnownFileType = file.xib; path = CategoryCollectionViewCell.xib; sourceTree = "<group>"; };
		8CE5EEEC29A3E9B000519879 /* ShopfiyProject.app */ = {isa = PBXFileReference; explicitFileType = wrapper.application; includeInIndex = 0; path = ShopfiyProject.app; sourceTree = BUILT_PRODUCTS_DIR; };
		8CE5EEEF29A3E9B000519879 /* AppDelegate.swift */ = {isa = PBXFileReference; lastKnownFileType = sourcecode.swift; path = AppDelegate.swift; sourceTree = "<group>"; };
		8CE5EEF129A3E9B000519879 /* SceneDelegate.swift */ = {isa = PBXFileReference; lastKnownFileType = sourcecode.swift; path = SceneDelegate.swift; sourceTree = "<group>"; };
		8CE5EEF329A3E9B000519879 /* ViewController.swift */ = {isa = PBXFileReference; lastKnownFileType = sourcecode.swift; path = ViewController.swift; sourceTree = "<group>"; };
		8CE5EEF629A3E9B000519879 /* Base */ = {isa = PBXFileReference; lastKnownFileType = file.storyboard; name = Base; path = Base.lproj/Main.storyboard; sourceTree = "<group>"; };
		8CE5EEF929A3E9B000519879 /* ShopfiyProject.xcdatamodel */ = {isa = PBXFileReference; lastKnownFileType = wrapper.xcdatamodel; path = ShopfiyProject.xcdatamodel; sourceTree = "<group>"; };
		8CE5EEFB29A3E9B400519879 /* Assets.xcassets */ = {isa = PBXFileReference; lastKnownFileType = folder.assetcatalog; path = Assets.xcassets; sourceTree = "<group>"; };
		8CE5EEFE29A3E9B400519879 /* Base */ = {isa = PBXFileReference; lastKnownFileType = file.storyboard; name = Base; path = Base.lproj/LaunchScreen.storyboard; sourceTree = "<group>"; };
		8CE5EF0029A3E9B400519879 /* Info.plist */ = {isa = PBXFileReference; lastKnownFileType = text.plist.xml; path = Info.plist; sourceTree = "<group>"; };
		8CE5EF0529A3E9B500519879 /* ShopfiyProjectTests.xctest */ = {isa = PBXFileReference; explicitFileType = wrapper.cfbundle; includeInIndex = 0; path = ShopfiyProjectTests.xctest; sourceTree = BUILT_PRODUCTS_DIR; };
		8CE5EF0929A3E9B500519879 /* ShopfiyProjectTests.swift */ = {isa = PBXFileReference; lastKnownFileType = sourcecode.swift; path = ShopfiyProjectTests.swift; sourceTree = "<group>"; };
		8CE5EF0F29A3E9B500519879 /* ShopfiyProjectUITests.xctest */ = {isa = PBXFileReference; explicitFileType = wrapper.cfbundle; includeInIndex = 0; path = ShopfiyProjectUITests.xctest; sourceTree = BUILT_PRODUCTS_DIR; };
		8CE5EF1329A3E9B500519879 /* ShopfiyProjectUITests.swift */ = {isa = PBXFileReference; lastKnownFileType = sourcecode.swift; path = ShopfiyProjectUITests.swift; sourceTree = "<group>"; };
		8CE5EF1529A3E9B500519879 /* ShopfiyProjectUITestsLaunchTests.swift */ = {isa = PBXFileReference; lastKnownFileType = sourcecode.swift; path = ShopfiyProjectUITestsLaunchTests.swift; sourceTree = "<group>"; };
		BBEF4AC92D6A7FB92112DD47 /* Pods_ShopfiyProjectTests.framework */ = {isa = PBXFileReference; explicitFileType = wrapper.framework; includeInIndex = 0; path = Pods_ShopfiyProjectTests.framework; sourceTree = BUILT_PRODUCTS_DIR; };
		C98BDB2129A5679500E83716 /* PaymentViewController.swift */ = {isa = PBXFileReference; lastKnownFileType = sourcecode.swift; path = PaymentViewController.swift; sourceTree = "<group>"; };
		C98BDB2429A56C5100E83716 /* UIExtension.swift */ = {isa = PBXFileReference; lastKnownFileType = sourcecode.swift; path = UIExtension.swift; sourceTree = "<group>"; };
		C98E310529A57A6B0034794C /* ShoppingCartNipTableViewCell.swift */ = {isa = PBXFileReference; lastKnownFileType = sourcecode.swift; path = ShoppingCartNipTableViewCell.swift; sourceTree = "<group>"; };
		C98E310629A57A6B0034794C /* ShoppingCartNipTableViewCell.xib */ = {isa = PBXFileReference; lastKnownFileType = file.xib; path = ShoppingCartNipTableViewCell.xib; sourceTree = "<group>"; };
		C992FBA829A4E84100DBD419 /* AddressConfigurationViewController.swift */ = {isa = PBXFileReference; lastKnownFileType = sourcecode.swift; path = AddressConfigurationViewController.swift; sourceTree = "<group>"; };
		C9C261CC29A3ED360012D4C5 /* ShoppingCartViewController.swift */ = {isa = PBXFileReference; fileEncoding = 4; lastKnownFileType = sourcecode.swift; path = ShoppingCartViewController.swift; sourceTree = "<group>"; };
		C9C261CD29A3ED360012D4C5 /* ShoppingCartTableViewCell.swift */ = {isa = PBXFileReference; fileEncoding = 4; lastKnownFileType = sourcecode.swift; path = ShoppingCartTableViewCell.swift; sourceTree = "<group>"; };
		C9C261CE29A3ED360012D4C5 /* SettingsViewController.swift */ = {isa = PBXFileReference; fileEncoding = 4; lastKnownFileType = sourcecode.swift; path = SettingsViewController.swift; sourceTree = "<group>"; };
		C9C261D429A3ED430012D4C5 /* SecondStoryboard.storyboard */ = {isa = PBXFileReference; lastKnownFileType = file.storyboard; path = SecondStoryboard.storyboard; sourceTree = "<group>"; };
		C9C261D929A407CF0012D4C5 /* AddressViewController.swift */ = {isa = PBXFileReference; lastKnownFileType = sourcecode.swift; path = AddressViewController.swift; sourceTree = "<group>"; };
		C9E85E8529A6B26800BAC6A3 /* AddressTableViewCell.swift */ = {isa = PBXFileReference; lastKnownFileType = sourcecode.swift; path = AddressTableViewCell.swift; sourceTree = "<group>"; };
		DCBE50A2D9D2F1FB0FDBA1AC /* Pods_ShopfiyProject.framework */ = {isa = PBXFileReference; explicitFileType = wrapper.framework; includeInIndex = 0; path = Pods_ShopfiyProject.framework; sourceTree = BUILT_PRODUCTS_DIR; };
		E3AAFA5FFC1CC1A66E5FA6B4 /* Pods_ShopfiyProject_ShopfiyProjectUITests.framework */ = {isa = PBXFileReference; explicitFileType = wrapper.framework; includeInIndex = 0; path = Pods_ShopfiyProject_ShopfiyProjectUITests.framework; sourceTree = BUILT_PRODUCTS_DIR; };
		E7EA04484EF8F87AFCA54F82 /* Pods-ShopfiyProject.debug.xcconfig */ = {isa = PBXFileReference; includeInIndex = 1; lastKnownFileType = text.xcconfig; name = "Pods-ShopfiyProject.debug.xcconfig"; path = "Target Support Files/Pods-ShopfiyProject/Pods-ShopfiyProject.debug.xcconfig"; sourceTree = "<group>"; };
		F1A14BA68E307310E36C01FC /* Pods-ShopfiyProject-ShopfiyProjectUITests.debug.xcconfig */ = {isa = PBXFileReference; includeInIndex = 1; lastKnownFileType = text.xcconfig; name = "Pods-ShopfiyProject-ShopfiyProjectUITests.debug.xcconfig"; path = "Target Support Files/Pods-ShopfiyProject-ShopfiyProjectUITests/Pods-ShopfiyProject-ShopfiyProjectUITests.debug.xcconfig"; sourceTree = "<group>"; };
		F302989E6CD118D6C5AA10FF /* Pods-ShopfiyProjectTests.debug.xcconfig */ = {isa = PBXFileReference; includeInIndex = 1; lastKnownFileType = text.xcconfig; name = "Pods-ShopfiyProjectTests.debug.xcconfig"; path = "Target Support Files/Pods-ShopfiyProjectTests/Pods-ShopfiyProjectTests.debug.xcconfig"; sourceTree = "<group>"; };
/* End PBXFileReference section */

/* Begin PBXFrameworksBuildPhase section */
		8CE5EEE929A3E9B000519879 /* Frameworks */ = {
			isa = PBXFrameworksBuildPhase;
			buildActionMask = 2147483647;
			files = (
				F6521A2683A601415BB37A91 /* Pods_ShopfiyProject.framework in Frameworks */,
			);
			runOnlyForDeploymentPostprocessing = 0;
		};
		8CE5EF0229A3E9B500519879 /* Frameworks */ = {
			isa = PBXFrameworksBuildPhase;
			buildActionMask = 2147483647;
			files = (
				401590B656441CE7E5A02E3D /* Pods_ShopfiyProjectTests.framework in Frameworks */,
			);
			runOnlyForDeploymentPostprocessing = 0;
		};
		8CE5EF0C29A3E9B500519879 /* Frameworks */ = {
			isa = PBXFrameworksBuildPhase;
			buildActionMask = 2147483647;
			files = (
				399A3D447ED7B579A4984C4E /* Pods_ShopfiyProject_ShopfiyProjectUITests.framework in Frameworks */,
			);
			runOnlyForDeploymentPostprocessing = 0;
		};
/* End PBXFrameworksBuildPhase section */

/* Begin PBXGroup section */
		0335682D29A60A08001DB97E /* SignUpController */ = {
			isa = PBXGroup;
			children = (
				0371FCA529A419CF00608875 /* SignUpScreenViewController.swift */,
			);
			path = SignUpController;
			sourceTree = "<group>";
		};
		0335682E29A60A17001DB97E /* SignInController */ = {
			isa = PBXGroup;
			children = (
				0371FCA329A40FE000608875 /* LoginScreenViewController.swift */,
			);
			path = SignInController;
			sourceTree = "<group>";
		};
		0335682F29A60A2A001DB97E /* ProductDetails */ = {
			isa = PBXGroup;
			children = (
				0371FC9F29A3F7EB00608875 /* ProductDetailsImgCollectionViewCell.swift */,
				0371FC9729A3F48B00608875 /* ProductDetailsViewController.swift */,
			);
			path = ProductDetails;
			sourceTree = "<group>";
		};
		0335683029A60A5C001DB97E /* SeeMoreReview */ = {
			isa = PBXGroup;
			children = (
				0371FC9C29A3F6C500608875 /* ReviewTableViewCell.xib */,
				0371FC9B29A3F6C500608875 /* ReviewTableViewCell.swift */,
				0371FC9929A3F63A00608875 /* SeeMoreReviewsViewController.swift */,
			);
			path = SeeMoreReview;
			sourceTree = "<group>";
		};
		0335683129A60A7F001DB97E /* MeController */ = {
			isa = PBXGroup;
			children = (
				0371FCA729A427AF00608875 /* MeViewController.swift */,
			);
			path = MeController;
			sourceTree = "<group>";
		};
		0335683229A60A95001DB97E /* MoreOrder */ = {
			isa = PBXGroup;
			children = (
				03714DAA29A4A932000A0528 /* OrderTableViewCell.swift */,
				03714DAB29A4A932000A0528 /* OrderTableViewCell.xib */,
				03714DAE29A4B6A4000A0528 /* MoreOrdersViewController.swift */,
			);
			path = MoreOrder;
			sourceTree = "<group>";
		};
		0335683329A60BD9001DB97E /* WishListController */ = {
			isa = PBXGroup;
			children = (
				0371FCA129A40DB700608875 /* WishListViewController.swift */,
			);
			path = WishListController;
			sourceTree = "<group>";
		};
		8C93DFC529A41333002665D4 /* HomeScreenController */ = {
			isa = PBXGroup;
			children = (
				8C93DFC829A41376002665D4 /* BrandCollectionViewCell.swift */,
				8C93DFCB29A4137B002665D4 /* BrandCollectionViewCell.xib */,
				8C93DFC629A41373002665D4 /* HomeViewController.swift */,
				8C93DFC929A41378002665D4 /* OffersCollectionViewCell.swift */,
				8C93DFCA29A41379002665D4 /* OffersCollectionViewCell.xib */,
				8C93DFC729A41375002665D4 /* TabBarViewController.swift */,
				8C55131329A4B6440066B62E /* BrandDetailsViewController.swift */,
				8C55131529A4CB530066B62E /* SearchViewController.swift */,
			);
			path = HomeScreenController;
			sourceTree = "<group>";
		};
		8C93DFD229A416F1002665D4 /* CategoryController */ = {
			isa = PBXGroup;
			children = (
				8C93DFD329A41709002665D4 /* CategoryViewController.swift */,
				8C93DFD529A423E3002665D4 /* CategoryCollectionViewCell.swift */,
				8C93DFD629A423E3002665D4 /* CategoryCollectionViewCell.xib */,
			);
			path = CategoryController;
			sourceTree = "<group>";
		};
		8CE5EEE329A3E9B000519879 = {
			isa = PBXGroup;
			children = (
				8CE5EEEE29A3E9B000519879 /* ShopfiyProject */,
				8CE5EF0829A3E9B500519879 /* ShopfiyProjectTests */,
				8CE5EF1229A3E9B500519879 /* ShopfiyProjectUITests */,
				8CE5EEED29A3E9B000519879 /* Products */,
				B7B6F41270F56F55DFB30AE1 /* Pods */,
				F8110974659840E969E2D7F7 /* Frameworks */,
			);
			sourceTree = "<group>";
		};
		8CE5EEED29A3E9B000519879 /* Products */ = {
			isa = PBXGroup;
			children = (
				8CE5EEEC29A3E9B000519879 /* ShopfiyProject.app */,
				8CE5EF0529A3E9B500519879 /* ShopfiyProjectTests.xctest */,
				8CE5EF0F29A3E9B500519879 /* ShopfiyProjectUITests.xctest */,
			);
			name = Products;
			sourceTree = "<group>";
		};
		8CE5EEEE29A3E9B000519879 /* ShopfiyProject */ = {
			isa = PBXGroup;
			children = (
				C98BDB2329A56C3E00E83716 /* Utils */,
				C98BDB2029A560DB00E83716 /* Contract */,
				C98BDB1F29A55F3100E83716 /* Storyboards */,
				C98BDB1E29A55F0E00E83716 /* Core */,
				C98BDB1D29A55EDC00E83716 /* Resources */,
				C9C261D829A3ED920012D4C5 /* View */,
				8CE5EEF329A3E9B000519879 /* ViewController.swift */,
				8CE5EEF529A3E9B000519879 /* Main.storyboard */,
				8CE5EEFD29A3E9B400519879 /* LaunchScreen.storyboard */,
				8CE5EF0029A3E9B400519879 /* Info.plist */,
				8CE5EEF829A3E9B000519879 /* ShopfiyProject.xcdatamodeld */,
				0371FC9529A3F3E700608875 /* ThirdStoryBoard.storyboard */,
			);
			path = ShopfiyProject;
			sourceTree = "<group>";
		};
		8CE5EF0829A3E9B500519879 /* ShopfiyProjectTests */ = {
			isa = PBXGroup;
			children = (
				8CE5EF0929A3E9B500519879 /* ShopfiyProjectTests.swift */,
			);
			path = ShopfiyProjectTests;
			sourceTree = "<group>";
		};
		8CE5EF1229A3E9B500519879 /* ShopfiyProjectUITests */ = {
			isa = PBXGroup;
			children = (
				8CE5EF1329A3E9B500519879 /* ShopfiyProjectUITests.swift */,
				8CE5EF1529A3E9B500519879 /* ShopfiyProjectUITestsLaunchTests.swift */,
			);
			path = ShopfiyProjectUITests;
			sourceTree = "<group>";
		};
		B7B6F41270F56F55DFB30AE1 /* Pods */ = {
			isa = PBXGroup;
			children = (
				E7EA04484EF8F87AFCA54F82 /* Pods-ShopfiyProject.debug.xcconfig */,
				560362561849D188CFC007D0 /* Pods-ShopfiyProject.release.xcconfig */,
				F1A14BA68E307310E36C01FC /* Pods-ShopfiyProject-ShopfiyProjectUITests.debug.xcconfig */,
				705B8463452972E8C7BD71AE /* Pods-ShopfiyProject-ShopfiyProjectUITests.release.xcconfig */,
				F302989E6CD118D6C5AA10FF /* Pods-ShopfiyProjectTests.debug.xcconfig */,
				5A04F03DA4404878E1733F06 /* Pods-ShopfiyProjectTests.release.xcconfig */,
			);
			path = Pods;
			sourceTree = "<group>";
		};
		C982067429A69BDA000DAD5A /* PaymentViewController */ = {
			isa = PBXGroup;
			children = (
				C98BDB2129A5679500E83716 /* PaymentViewController.swift */,
			);
			path = PaymentViewController;
			sourceTree = "<group>";
		};
		C98BDB1D29A55EDC00E83716 /* Resources */ = {
			isa = PBXGroup;
			children = (
				8CE5EEFB29A3E9B400519879 /* Assets.xcassets */,
			);
			path = Resources;
			sourceTree = "<group>";
		};
		C98BDB1E29A55F0E00E83716 /* Core */ = {
			isa = PBXGroup;
			children = (
				8CE5EEEF29A3E9B000519879 /* AppDelegate.swift */,
				8CE5EEF129A3E9B000519879 /* SceneDelegate.swift */,
			);
			path = Core;
			sourceTree = "<group>";
		};
		C98BDB1F29A55F3100E83716 /* Storyboards */ = {
			isa = PBXGroup;
			children = (
				C9C261D429A3ED430012D4C5 /* SecondStoryboard.storyboard */,
			);
			path = Storyboards;
			sourceTree = "<group>";
		};
		C98BDB2029A560DB00E83716 /* Contract */ = {
			isa = PBXGroup;
			children = (
			);
			path = Contract;
			sourceTree = "<group>";
		};
		C98BDB2329A56C3E00E83716 /* Utils */ = {
			isa = PBXGroup;
			children = (
				C98BDB2429A56C5100E83716 /* UIExtension.swift */,
			);
			path = Utils;
			sourceTree = "<group>";
		};
		C9C261D629A3ED660012D4C5 /* SettingControllers */ = {
			isa = PBXGroup;
			children = (
				C9C261CE29A3ED360012D4C5 /* SettingsViewController.swift */,
			);
			path = SettingControllers;
			sourceTree = "<group>";
		};
		C9C261D729A3ED7F0012D4C5 /* ShoppingCartControllers */ = {
			isa = PBXGroup;
			children = (
				C9C261CD29A3ED360012D4C5 /* ShoppingCartTableViewCell.swift */,
				C9C261CC29A3ED360012D4C5 /* ShoppingCartViewController.swift */,
				C98E310529A57A6B0034794C /* ShoppingCartNipTableViewCell.swift */,
				C98E310629A57A6B0034794C /* ShoppingCartNipTableViewCell.xib */,
			);
			path = ShoppingCartControllers;
			sourceTree = "<group>";
		};
		C9C261D829A3ED920012D4C5 /* View */ = {
			isa = PBXGroup;
			children = (
				C982067429A69BDA000DAD5A /* PaymentViewController */,
				0335682D29A60A08001DB97E /* SignUpController */,
				0335683029A60A5C001DB97E /* SeeMoreReview */,
				0335682E29A60A17001DB97E /* SignInController */,
				0335683129A60A7F001DB97E /* MeController */,
				8C55131729A4DF920066B62E /* NavigationBarProtcol.swift */,
				C9C261DB29A407D30012D4C5 /* AddressViewControllers */,
				8C93DFD229A416F1002665D4 /* CategoryController */,
				8C93DFC529A41333002665D4 /* HomeScreenController */,
				C9C261D629A3ED660012D4C5 /* SettingControllers */,
				C9C261D729A3ED7F0012D4C5 /* ShoppingCartControllers */,
				0335683329A60BD9001DB97E /* WishListController */,
				0335682F29A60A2A001DB97E /* ProductDetails */,
				0335683229A60A95001DB97E /* MoreOrder */,
			);
			path = View;
			sourceTree = "<group>";
		};
		C9C261DB29A407D30012D4C5 /* AddressViewControllers */ = {
			isa = PBXGroup;
			children = (
				C9C261D929A407CF0012D4C5 /* AddressViewController.swift */,
				C992FBA829A4E84100DBD419 /* AddressConfigurationViewController.swift */,
				C9E85E8529A6B26800BAC6A3 /* AddressTableViewCell.swift */,
			);
			path = AddressViewControllers;
			sourceTree = "<group>";
		};
		F8110974659840E969E2D7F7 /* Frameworks */ = {
			isa = PBXGroup;
			children = (
				DCBE50A2D9D2F1FB0FDBA1AC /* Pods_ShopfiyProject.framework */,
				E3AAFA5FFC1CC1A66E5FA6B4 /* Pods_ShopfiyProject_ShopfiyProjectUITests.framework */,
				BBEF4AC92D6A7FB92112DD47 /* Pods_ShopfiyProjectTests.framework */,
			);
			name = Frameworks;
			sourceTree = "<group>";
		};
/* End PBXGroup section */

/* Begin PBXNativeTarget section */
		8CE5EEEB29A3E9B000519879 /* ShopfiyProject */ = {
			isa = PBXNativeTarget;
			buildConfigurationList = 8CE5EF1929A3E9B500519879 /* Build configuration list for PBXNativeTarget "ShopfiyProject" */;
			buildPhases = (
				81FB9924D935CCCF93139E32 /* [CP] Check Pods Manifest.lock */,
				8CE5EEE829A3E9B000519879 /* Sources */,
				8CE5EEE929A3E9B000519879 /* Frameworks */,
				8CE5EEEA29A3E9B000519879 /* Resources */,
				AAB35E640880160A777D1382 /* [CP] Embed Pods Frameworks */,
			);
			buildRules = (
			);
			dependencies = (
			);
			name = ShopfiyProject;
			productName = ShopfiyProject;
			productReference = 8CE5EEEC29A3E9B000519879 /* ShopfiyProject.app */;
			productType = "com.apple.product-type.application";
		};
		8CE5EF0429A3E9B500519879 /* ShopfiyProjectTests */ = {
			isa = PBXNativeTarget;
			buildConfigurationList = 8CE5EF1C29A3E9B500519879 /* Build configuration list for PBXNativeTarget "ShopfiyProjectTests" */;
			buildPhases = (
				F5D94F175F6CAD98EAE2359D /* [CP] Check Pods Manifest.lock */,
				8CE5EF0129A3E9B500519879 /* Sources */,
				8CE5EF0229A3E9B500519879 /* Frameworks */,
				8CE5EF0329A3E9B500519879 /* Resources */,
			);
			buildRules = (
			);
			dependencies = (
				8CE5EF0729A3E9B500519879 /* PBXTargetDependency */,
			);
			name = ShopfiyProjectTests;
			productName = ShopfiyProjectTests;
			productReference = 8CE5EF0529A3E9B500519879 /* ShopfiyProjectTests.xctest */;
			productType = "com.apple.product-type.bundle.unit-test";
		};
		8CE5EF0E29A3E9B500519879 /* ShopfiyProjectUITests */ = {
			isa = PBXNativeTarget;
			buildConfigurationList = 8CE5EF1F29A3E9B500519879 /* Build configuration list for PBXNativeTarget "ShopfiyProjectUITests" */;
			buildPhases = (
				51EE92E6D64B8924C18C4191 /* [CP] Check Pods Manifest.lock */,
				8CE5EF0B29A3E9B500519879 /* Sources */,
				8CE5EF0C29A3E9B500519879 /* Frameworks */,
				8CE5EF0D29A3E9B500519879 /* Resources */,
				91C85971B4D8D3602DC56206 /* [CP] Embed Pods Frameworks */,
			);
			buildRules = (
			);
			dependencies = (
				8CE5EF1129A3E9B500519879 /* PBXTargetDependency */,
			);
			name = ShopfiyProjectUITests;
			productName = ShopfiyProjectUITests;
			productReference = 8CE5EF0F29A3E9B500519879 /* ShopfiyProjectUITests.xctest */;
			productType = "com.apple.product-type.bundle.ui-testing";
		};
/* End PBXNativeTarget section */

/* Begin PBXProject section */
		8CE5EEE429A3E9B000519879 /* Project object */ = {
			isa = PBXProject;
			attributes = {
				BuildIndependentTargetsInParallel = 1;
				LastSwiftUpdateCheck = 1420;
				LastUpgradeCheck = 1420;
				TargetAttributes = {
					8CE5EEEB29A3E9B000519879 = {
						CreatedOnToolsVersion = 14.2;
					};
					8CE5EF0429A3E9B500519879 = {
						CreatedOnToolsVersion = 14.2;
						TestTargetID = 8CE5EEEB29A3E9B000519879;
					};
					8CE5EF0E29A3E9B500519879 = {
						CreatedOnToolsVersion = 14.2;
						TestTargetID = 8CE5EEEB29A3E9B000519879;
					};
				};
			};
			buildConfigurationList = 8CE5EEE729A3E9B000519879 /* Build configuration list for PBXProject "ShopfiyProject" */;
			compatibilityVersion = "Xcode 14.0";
			developmentRegion = en;
			hasScannedForEncodings = 0;
			knownRegions = (
				en,
				Base,
			);
			mainGroup = 8CE5EEE329A3E9B000519879;
			productRefGroup = 8CE5EEED29A3E9B000519879 /* Products */;
			projectDirPath = "";
			projectRoot = "";
			targets = (
				8CE5EEEB29A3E9B000519879 /* ShopfiyProject */,
				8CE5EF0429A3E9B500519879 /* ShopfiyProjectTests */,
				8CE5EF0E29A3E9B500519879 /* ShopfiyProjectUITests */,
			);
		};
/* End PBXProject section */

/* Begin PBXResourcesBuildPhase section */
		8CE5EEEA29A3E9B000519879 /* Resources */ = {
			isa = PBXResourcesBuildPhase;
			buildActionMask = 2147483647;
			files = (
				C98E310829A57A6B0034794C /* ShoppingCartNipTableViewCell.xib in Resources */,
				8CE5EEFF29A3E9B400519879 /* LaunchScreen.storyboard in Resources */,
				0371FC9629A3F3E700608875 /* ThirdStoryBoard.storyboard in Resources */,
				8C93DFD129A4137C002665D4 /* BrandCollectionViewCell.xib in Resources */,
				8CE5EEFC29A3E9B400519879 /* Assets.xcassets in Resources */,
				0371FC9E29A3F6C500608875 /* ReviewTableViewCell.xib in Resources */,
				8CE5EEF729A3E9B000519879 /* Main.storyboard in Resources */,
				03714DAD29A4A932000A0528 /* OrderTableViewCell.xib in Resources */,
				8C93DFD829A423E3002665D4 /* CategoryCollectionViewCell.xib in Resources */,
				C9C261D529A3ED430012D4C5 /* SecondStoryboard.storyboard in Resources */,
				8C93DFD029A4137C002665D4 /* OffersCollectionViewCell.xib in Resources */,
			);
			runOnlyForDeploymentPostprocessing = 0;
		};
		8CE5EF0329A3E9B500519879 /* Resources */ = {
			isa = PBXResourcesBuildPhase;
			buildActionMask = 2147483647;
			files = (
			);
			runOnlyForDeploymentPostprocessing = 0;
		};
		8CE5EF0D29A3E9B500519879 /* Resources */ = {
			isa = PBXResourcesBuildPhase;
			buildActionMask = 2147483647;
			files = (
			);
			runOnlyForDeploymentPostprocessing = 0;
		};
/* End PBXResourcesBuildPhase section */

/* Begin PBXShellScriptBuildPhase section */
		51EE92E6D64B8924C18C4191 /* [CP] Check Pods Manifest.lock */ = {
			isa = PBXShellScriptBuildPhase;
			buildActionMask = 2147483647;
			files = (
			);
			inputFileListPaths = (
			);
			inputPaths = (
				"${PODS_PODFILE_DIR_PATH}/Podfile.lock",
				"${PODS_ROOT}/Manifest.lock",
			);
			name = "[CP] Check Pods Manifest.lock";
			outputFileListPaths = (
			);
			outputPaths = (
				"$(DERIVED_FILE_DIR)/Pods-ShopfiyProject-ShopfiyProjectUITests-checkManifestLockResult.txt",
			);
			runOnlyForDeploymentPostprocessing = 0;
			shellPath = /bin/sh;
			shellScript = "diff \"${PODS_PODFILE_DIR_PATH}/Podfile.lock\" \"${PODS_ROOT}/Manifest.lock\" > /dev/null\nif [ $? != 0 ] ; then\n    # print error to STDERR\n    echo \"error: The sandbox is not in sync with the Podfile.lock. Run 'pod install' or update your CocoaPods installation.\" >&2\n    exit 1\nfi\n# This output is used by Xcode 'outputs' to avoid re-running this script phase.\necho \"SUCCESS\" > \"${SCRIPT_OUTPUT_FILE_0}\"\n";
			showEnvVarsInLog = 0;
		};
		81FB9924D935CCCF93139E32 /* [CP] Check Pods Manifest.lock */ = {
			isa = PBXShellScriptBuildPhase;
			buildActionMask = 2147483647;
			files = (
			);
			inputFileListPaths = (
			);
			inputPaths = (
				"${PODS_PODFILE_DIR_PATH}/Podfile.lock",
				"${PODS_ROOT}/Manifest.lock",
			);
			name = "[CP] Check Pods Manifest.lock";
			outputFileListPaths = (
			);
			outputPaths = (
				"$(DERIVED_FILE_DIR)/Pods-ShopfiyProject-checkManifestLockResult.txt",
			);
			runOnlyForDeploymentPostprocessing = 0;
			shellPath = /bin/sh;
			shellScript = "diff \"${PODS_PODFILE_DIR_PATH}/Podfile.lock\" \"${PODS_ROOT}/Manifest.lock\" > /dev/null\nif [ $? != 0 ] ; then\n    # print error to STDERR\n    echo \"error: The sandbox is not in sync with the Podfile.lock. Run 'pod install' or update your CocoaPods installation.\" >&2\n    exit 1\nfi\n# This output is used by Xcode 'outputs' to avoid re-running this script phase.\necho \"SUCCESS\" > \"${SCRIPT_OUTPUT_FILE_0}\"\n";
			showEnvVarsInLog = 0;
		};
		91C85971B4D8D3602DC56206 /* [CP] Embed Pods Frameworks */ = {
			isa = PBXShellScriptBuildPhase;
			buildActionMask = 2147483647;
			files = (
			);
			inputFileListPaths = (
				"${PODS_ROOT}/Target Support Files/Pods-ShopfiyProject-ShopfiyProjectUITests/Pods-ShopfiyProject-ShopfiyProjectUITests-frameworks-${CONFIGURATION}-input-files.xcfilelist",
			);
			name = "[CP] Embed Pods Frameworks";
			outputFileListPaths = (
				"${PODS_ROOT}/Target Support Files/Pods-ShopfiyProject-ShopfiyProjectUITests/Pods-ShopfiyProject-ShopfiyProjectUITests-frameworks-${CONFIGURATION}-output-files.xcfilelist",
			);
			runOnlyForDeploymentPostprocessing = 0;
			shellPath = /bin/sh;
			shellScript = "\"${PODS_ROOT}/Target Support Files/Pods-ShopfiyProject-ShopfiyProjectUITests/Pods-ShopfiyProject-ShopfiyProjectUITests-frameworks.sh\"\n";
			showEnvVarsInLog = 0;
		};
		AAB35E640880160A777D1382 /* [CP] Embed Pods Frameworks */ = {
			isa = PBXShellScriptBuildPhase;
			buildActionMask = 2147483647;
			files = (
			);
			inputFileListPaths = (
				"${PODS_ROOT}/Target Support Files/Pods-ShopfiyProject/Pods-ShopfiyProject-frameworks-${CONFIGURATION}-input-files.xcfilelist",
			);
			name = "[CP] Embed Pods Frameworks";
			outputFileListPaths = (
				"${PODS_ROOT}/Target Support Files/Pods-ShopfiyProject/Pods-ShopfiyProject-frameworks-${CONFIGURATION}-output-files.xcfilelist",
			);
			runOnlyForDeploymentPostprocessing = 0;
			shellPath = /bin/sh;
			shellScript = "\"${PODS_ROOT}/Target Support Files/Pods-ShopfiyProject/Pods-ShopfiyProject-frameworks.sh\"\n";
			showEnvVarsInLog = 0;
		};
		F5D94F175F6CAD98EAE2359D /* [CP] Check Pods Manifest.lock */ = {
			isa = PBXShellScriptBuildPhase;
			buildActionMask = 2147483647;
			files = (
			);
			inputFileListPaths = (
			);
			inputPaths = (
				"${PODS_PODFILE_DIR_PATH}/Podfile.lock",
				"${PODS_ROOT}/Manifest.lock",
			);
			name = "[CP] Check Pods Manifest.lock";
			outputFileListPaths = (
			);
			outputPaths = (
				"$(DERIVED_FILE_DIR)/Pods-ShopfiyProjectTests-checkManifestLockResult.txt",
			);
			runOnlyForDeploymentPostprocessing = 0;
			shellPath = /bin/sh;
			shellScript = "diff \"${PODS_PODFILE_DIR_PATH}/Podfile.lock\" \"${PODS_ROOT}/Manifest.lock\" > /dev/null\nif [ $? != 0 ] ; then\n    # print error to STDERR\n    echo \"error: The sandbox is not in sync with the Podfile.lock. Run 'pod install' or update your CocoaPods installation.\" >&2\n    exit 1\nfi\n# This output is used by Xcode 'outputs' to avoid re-running this script phase.\necho \"SUCCESS\" > \"${SCRIPT_OUTPUT_FILE_0}\"\n";
			showEnvVarsInLog = 0;
		};
/* End PBXShellScriptBuildPhase section */

/* Begin PBXSourcesBuildPhase section */
		8CE5EEE829A3E9B000519879 /* Sources */ = {
			isa = PBXSourcesBuildPhase;
			buildActionMask = 2147483647;
			files = (
				0371FCA829A427AF00608875 /* MeViewController.swift in Sources */,
				0371FCA629A419CF00608875 /* SignUpScreenViewController.swift in Sources */,
				8CE5EEFA29A3E9B000519879 /* ShopfiyProject.xcdatamodeld in Sources */,
				0371FCA229A40DB700608875 /* WishListViewController.swift in Sources */,
				0371FC9A29A3F63A00608875 /* SeeMoreReviewsViewController.swift in Sources */,
				C9C261D129A3ED360012D4C5 /* ShoppingCartViewController.swift in Sources */,
				8CE5EEF429A3E9B000519879 /* ViewController.swift in Sources */,
				C98BDB2229A5679500E83716 /* PaymentViewController.swift in Sources */,
				C9C261DA29A407CF0012D4C5 /* AddressViewController.swift in Sources */,
				03714DAC29A4A932000A0528 /* OrderTableViewCell.swift in Sources */,
				8C93DFCC29A4137C002665D4 /* HomeViewController.swift in Sources */,
				8C55131429A4B6440066B62E /* BrandDetailsViewController.swift in Sources */,
				8C93DFCE29A4137C002665D4 /* BrandCollectionViewCell.swift in Sources */,
				C98BDB2529A56C5100E83716 /* UIExtension.swift in Sources */,
				8CE5EEF429A3E9B000519879 /* ViewController.swift in Sources */,
				03714DAF29A4B6A4000A0528 /* MoreOrdersViewController.swift in Sources */,
				8CE5EEF029A3E9B000519879 /* AppDelegate.swift in Sources */,
				0371FCA429A40FE000608875 /* LoginScreenViewController.swift in Sources */,
				0371FC9829A3F48B00608875 /* ProductDetailsViewController.swift in Sources */,
				8C93DFD729A423E3002665D4 /* CategoryCollectionViewCell.swift in Sources */,
				0371FC9D29A3F6C500608875 /* ReviewTableViewCell.swift in Sources */,
				8CE5EEF229A3E9B000519879 /* SceneDelegate.swift in Sources */,
				C992FBA929A4E84100DBD419 /* AddressConfigurationViewController.swift in Sources */,
				0371FCA029A3F7EB00608875 /* ProductDetailsImgCollectionViewCell.swift in Sources */,
				8C55131629A4CB530066B62E /* SearchViewController.swift in Sources */,
				C9C261D229A3ED360012D4C5 /* ShoppingCartTableViewCell.swift in Sources */,
				8C55131829A4DF920066B62E /* NavigationBarProtcol.swift in Sources */,
				C9E85E8629A6B26800BAC6A3 /* AddressTableViewCell.swift in Sources */,
				8C93DFCD29A4137C002665D4 /* TabBarViewController.swift in Sources */,
				8C93DFCF29A4137C002665D4 /* OffersCollectionViewCell.swift in Sources */,
				C98E310729A57A6B0034794C /* ShoppingCartNipTableViewCell.swift in Sources */,
				8C93DFD429A41709002665D4 /* CategoryViewController.swift in Sources */,
				C9C261D329A3ED360012D4C5 /* SettingsViewController.swift in Sources */,
			);
			runOnlyForDeploymentPostprocessing = 0;
		};
		8CE5EF0129A3E9B500519879 /* Sources */ = {
			isa = PBXSourcesBuildPhase;
			buildActionMask = 2147483647;
			files = (
				8CE5EF0A29A3E9B500519879 /* ShopfiyProjectTests.swift in Sources */,
			);
			runOnlyForDeploymentPostprocessing = 0;
		};
		8CE5EF0B29A3E9B500519879 /* Sources */ = {
			isa = PBXSourcesBuildPhase;
			buildActionMask = 2147483647;
			files = (
				8CE5EF1429A3E9B500519879 /* ShopfiyProjectUITests.swift in Sources */,
				8CE5EF1629A3E9B500519879 /* ShopfiyProjectUITestsLaunchTests.swift in Sources */,
			);
			runOnlyForDeploymentPostprocessing = 0;
		};
/* End PBXSourcesBuildPhase section */

/* Begin PBXTargetDependency section */
		8CE5EF0729A3E9B500519879 /* PBXTargetDependency */ = {
			isa = PBXTargetDependency;
			target = 8CE5EEEB29A3E9B000519879 /* ShopfiyProject */;
			targetProxy = 8CE5EF0629A3E9B500519879 /* PBXContainerItemProxy */;
		};
		8CE5EF1129A3E9B500519879 /* PBXTargetDependency */ = {
			isa = PBXTargetDependency;
			target = 8CE5EEEB29A3E9B000519879 /* ShopfiyProject */;
			targetProxy = 8CE5EF1029A3E9B500519879 /* PBXContainerItemProxy */;
		};
/* End PBXTargetDependency section */

/* Begin PBXVariantGroup section */
		8CE5EEF529A3E9B000519879 /* Main.storyboard */ = {
			isa = PBXVariantGroup;
			children = (
				8CE5EEF629A3E9B000519879 /* Base */,
			);
			name = Main.storyboard;
			sourceTree = "<group>";
		};
		8CE5EEFD29A3E9B400519879 /* LaunchScreen.storyboard */ = {
			isa = PBXVariantGroup;
			children = (
				8CE5EEFE29A3E9B400519879 /* Base */,
			);
			name = LaunchScreen.storyboard;
			sourceTree = "<group>";
		};
/* End PBXVariantGroup section */

/* Begin XCBuildConfiguration section */
		8CE5EF1729A3E9B500519879 /* Debug */ = {
			isa = XCBuildConfiguration;
			buildSettings = {
				ALWAYS_SEARCH_USER_PATHS = NO;
				CLANG_ANALYZER_NONNULL = YES;
				CLANG_ANALYZER_NUMBER_OBJECT_CONVERSION = YES_AGGRESSIVE;
				CLANG_CXX_LANGUAGE_STANDARD = "gnu++20";
				CLANG_ENABLE_MODULES = YES;
				CLANG_ENABLE_OBJC_ARC = YES;
				CLANG_ENABLE_OBJC_WEAK = YES;
				CLANG_WARN_BLOCK_CAPTURE_AUTORELEASING = YES;
				CLANG_WARN_BOOL_CONVERSION = YES;
				CLANG_WARN_COMMA = YES;
				CLANG_WARN_CONSTANT_CONVERSION = YES;
				CLANG_WARN_DEPRECATED_OBJC_IMPLEMENTATIONS = YES;
				CLANG_WARN_DIRECT_OBJC_ISA_USAGE = YES_ERROR;
				CLANG_WARN_DOCUMENTATION_COMMENTS = YES;
				CLANG_WARN_EMPTY_BODY = YES;
				CLANG_WARN_ENUM_CONVERSION = YES;
				CLANG_WARN_INFINITE_RECURSION = YES;
				CLANG_WARN_INT_CONVERSION = YES;
				CLANG_WARN_NON_LITERAL_NULL_CONVERSION = YES;
				CLANG_WARN_OBJC_IMPLICIT_RETAIN_SELF = YES;
				CLANG_WARN_OBJC_LITERAL_CONVERSION = YES;
				CLANG_WARN_OBJC_ROOT_CLASS = YES_ERROR;
				CLANG_WARN_QUOTED_INCLUDE_IN_FRAMEWORK_HEADER = YES;
				CLANG_WARN_RANGE_LOOP_ANALYSIS = YES;
				CLANG_WARN_STRICT_PROTOTYPES = YES;
				CLANG_WARN_SUSPICIOUS_MOVE = YES;
				CLANG_WARN_UNGUARDED_AVAILABILITY = YES_AGGRESSIVE;
				CLANG_WARN_UNREACHABLE_CODE = YES;
				CLANG_WARN__DUPLICATE_METHOD_MATCH = YES;
				COPY_PHASE_STRIP = NO;
				DEBUG_INFORMATION_FORMAT = dwarf;
				ENABLE_STRICT_OBJC_MSGSEND = YES;
				ENABLE_TESTABILITY = YES;
				GCC_C_LANGUAGE_STANDARD = gnu11;
				GCC_DYNAMIC_NO_PIC = NO;
				GCC_NO_COMMON_BLOCKS = YES;
				GCC_OPTIMIZATION_LEVEL = 0;
				GCC_PREPROCESSOR_DEFINITIONS = (
					"DEBUG=1",
					"$(inherited)",
				);
				GCC_WARN_64_TO_32_BIT_CONVERSION = YES;
				GCC_WARN_ABOUT_RETURN_TYPE = YES_ERROR;
				GCC_WARN_UNDECLARED_SELECTOR = YES;
				GCC_WARN_UNINITIALIZED_AUTOS = YES_AGGRESSIVE;
				GCC_WARN_UNUSED_FUNCTION = YES;
				GCC_WARN_UNUSED_VARIABLE = YES;
				IPHONEOS_DEPLOYMENT_TARGET = 16.2;
				MTL_ENABLE_DEBUG_INFO = INCLUDE_SOURCE;
				MTL_FAST_MATH = YES;
				ONLY_ACTIVE_ARCH = YES;
				SDKROOT = iphoneos;
				SWIFT_ACTIVE_COMPILATION_CONDITIONS = DEBUG;
				SWIFT_OPTIMIZATION_LEVEL = "-Onone";
			};
			name = Debug;
		};
		8CE5EF1829A3E9B500519879 /* Release */ = {
			isa = XCBuildConfiguration;
			buildSettings = {
				ALWAYS_SEARCH_USER_PATHS = NO;
				CLANG_ANALYZER_NONNULL = YES;
				CLANG_ANALYZER_NUMBER_OBJECT_CONVERSION = YES_AGGRESSIVE;
				CLANG_CXX_LANGUAGE_STANDARD = "gnu++20";
				CLANG_ENABLE_MODULES = YES;
				CLANG_ENABLE_OBJC_ARC = YES;
				CLANG_ENABLE_OBJC_WEAK = YES;
				CLANG_WARN_BLOCK_CAPTURE_AUTORELEASING = YES;
				CLANG_WARN_BOOL_CONVERSION = YES;
				CLANG_WARN_COMMA = YES;
				CLANG_WARN_CONSTANT_CONVERSION = YES;
				CLANG_WARN_DEPRECATED_OBJC_IMPLEMENTATIONS = YES;
				CLANG_WARN_DIRECT_OBJC_ISA_USAGE = YES_ERROR;
				CLANG_WARN_DOCUMENTATION_COMMENTS = YES;
				CLANG_WARN_EMPTY_BODY = YES;
				CLANG_WARN_ENUM_CONVERSION = YES;
				CLANG_WARN_INFINITE_RECURSION = YES;
				CLANG_WARN_INT_CONVERSION = YES;
				CLANG_WARN_NON_LITERAL_NULL_CONVERSION = YES;
				CLANG_WARN_OBJC_IMPLICIT_RETAIN_SELF = YES;
				CLANG_WARN_OBJC_LITERAL_CONVERSION = YES;
				CLANG_WARN_OBJC_ROOT_CLASS = YES_ERROR;
				CLANG_WARN_QUOTED_INCLUDE_IN_FRAMEWORK_HEADER = YES;
				CLANG_WARN_RANGE_LOOP_ANALYSIS = YES;
				CLANG_WARN_STRICT_PROTOTYPES = YES;
				CLANG_WARN_SUSPICIOUS_MOVE = YES;
				CLANG_WARN_UNGUARDED_AVAILABILITY = YES_AGGRESSIVE;
				CLANG_WARN_UNREACHABLE_CODE = YES;
				CLANG_WARN__DUPLICATE_METHOD_MATCH = YES;
				COPY_PHASE_STRIP = NO;
				DEBUG_INFORMATION_FORMAT = "dwarf-with-dsym";
				ENABLE_NS_ASSERTIONS = NO;
				ENABLE_STRICT_OBJC_MSGSEND = YES;
				GCC_C_LANGUAGE_STANDARD = gnu11;
				GCC_NO_COMMON_BLOCKS = YES;
				GCC_WARN_64_TO_32_BIT_CONVERSION = YES;
				GCC_WARN_ABOUT_RETURN_TYPE = YES_ERROR;
				GCC_WARN_UNDECLARED_SELECTOR = YES;
				GCC_WARN_UNINITIALIZED_AUTOS = YES_AGGRESSIVE;
				GCC_WARN_UNUSED_FUNCTION = YES;
				GCC_WARN_UNUSED_VARIABLE = YES;
				IPHONEOS_DEPLOYMENT_TARGET = 16.2;
				MTL_ENABLE_DEBUG_INFO = NO;
				MTL_FAST_MATH = YES;
				SDKROOT = iphoneos;
				SWIFT_COMPILATION_MODE = wholemodule;
				SWIFT_OPTIMIZATION_LEVEL = "-O";
				VALIDATE_PRODUCT = YES;
			};
			name = Release;
		};
		8CE5EF1A29A3E9B500519879 /* Debug */ = {
			isa = XCBuildConfiguration;
			baseConfigurationReference = E7EA04484EF8F87AFCA54F82 /* Pods-ShopfiyProject.debug.xcconfig */;
			buildSettings = {
				ASSETCATALOG_COMPILER_APPICON_NAME = AppIcon;
				ASSETCATALOG_COMPILER_GLOBAL_ACCENT_COLOR_NAME = AccentColor;
				CODE_SIGN_STYLE = Automatic;
				CURRENT_PROJECT_VERSION = 1;
				GENERATE_INFOPLIST_FILE = YES;
				INFOPLIST_FILE = ShopfiyProject/Info.plist;
				INFOPLIST_KEY_UIApplicationSupportsIndirectInputEvents = YES;
				INFOPLIST_KEY_UILaunchStoryboardName = LaunchScreen;
				INFOPLIST_KEY_UIMainStoryboardFile = Main;
				INFOPLIST_KEY_UISupportedInterfaceOrientations_iPad = "UIInterfaceOrientationPortrait UIInterfaceOrientationPortraitUpsideDown UIInterfaceOrientationLandscapeLeft UIInterfaceOrientationLandscapeRight";
				INFOPLIST_KEY_UISupportedInterfaceOrientations_iPhone = "UIInterfaceOrientationPortrait UIInterfaceOrientationLandscapeLeft UIInterfaceOrientationLandscapeRight";
				LD_RUNPATH_SEARCH_PATHS = (
					"$(inherited)",
					"@executable_path/Frameworks",
				);
				MARKETING_VERSION = 1.0;
				PRODUCT_BUNDLE_IDENTIFIER = fri.ShopfiyProject;
				PRODUCT_NAME = "$(TARGET_NAME)";
				SWIFT_EMIT_LOC_STRINGS = YES;
				SWIFT_VERSION = 5.0;
				TARGETED_DEVICE_FAMILY = "1,2";
			};
			name = Debug;
		};
		8CE5EF1B29A3E9B500519879 /* Release */ = {
			isa = XCBuildConfiguration;
			baseConfigurationReference = 560362561849D188CFC007D0 /* Pods-ShopfiyProject.release.xcconfig */;
			buildSettings = {
				ASSETCATALOG_COMPILER_APPICON_NAME = AppIcon;
				ASSETCATALOG_COMPILER_GLOBAL_ACCENT_COLOR_NAME = AccentColor;
				CODE_SIGN_STYLE = Automatic;
				CURRENT_PROJECT_VERSION = 1;
				GENERATE_INFOPLIST_FILE = YES;
				INFOPLIST_FILE = ShopfiyProject/Info.plist;
				INFOPLIST_KEY_UIApplicationSupportsIndirectInputEvents = YES;
				INFOPLIST_KEY_UILaunchStoryboardName = LaunchScreen;
				INFOPLIST_KEY_UIMainStoryboardFile = Main;
				INFOPLIST_KEY_UISupportedInterfaceOrientations_iPad = "UIInterfaceOrientationPortrait UIInterfaceOrientationPortraitUpsideDown UIInterfaceOrientationLandscapeLeft UIInterfaceOrientationLandscapeRight";
				INFOPLIST_KEY_UISupportedInterfaceOrientations_iPhone = "UIInterfaceOrientationPortrait UIInterfaceOrientationLandscapeLeft UIInterfaceOrientationLandscapeRight";
				LD_RUNPATH_SEARCH_PATHS = (
					"$(inherited)",
					"@executable_path/Frameworks",
				);
				MARKETING_VERSION = 1.0;
				PRODUCT_BUNDLE_IDENTIFIER = fri.ShopfiyProject;
				PRODUCT_NAME = "$(TARGET_NAME)";
				SWIFT_EMIT_LOC_STRINGS = YES;
				SWIFT_VERSION = 5.0;
				TARGETED_DEVICE_FAMILY = "1,2";
			};
			name = Release;
		};
		8CE5EF1D29A3E9B500519879 /* Debug */ = {
			isa = XCBuildConfiguration;
			baseConfigurationReference = F302989E6CD118D6C5AA10FF /* Pods-ShopfiyProjectTests.debug.xcconfig */;
			buildSettings = {
				ALWAYS_EMBED_SWIFT_STANDARD_LIBRARIES = YES;
				BUNDLE_LOADER = "$(TEST_HOST)";
				CODE_SIGN_STYLE = Automatic;
				CURRENT_PROJECT_VERSION = 1;
				GENERATE_INFOPLIST_FILE = YES;
				IPHONEOS_DEPLOYMENT_TARGET = 16.2;
				MARKETING_VERSION = 1.0;
				PRODUCT_BUNDLE_IDENTIFIER = fri.ShopfiyProjectTests;
				PRODUCT_NAME = "$(TARGET_NAME)";
				SWIFT_EMIT_LOC_STRINGS = NO;
				SWIFT_VERSION = 5.0;
				TARGETED_DEVICE_FAMILY = "1,2";
				TEST_HOST = "$(BUILT_PRODUCTS_DIR)/ShopfiyProject.app/$(BUNDLE_EXECUTABLE_FOLDER_PATH)/ShopfiyProject";
			};
			name = Debug;
		};
		8CE5EF1E29A3E9B500519879 /* Release */ = {
			isa = XCBuildConfiguration;
			baseConfigurationReference = 5A04F03DA4404878E1733F06 /* Pods-ShopfiyProjectTests.release.xcconfig */;
			buildSettings = {
				ALWAYS_EMBED_SWIFT_STANDARD_LIBRARIES = YES;
				BUNDLE_LOADER = "$(TEST_HOST)";
				CODE_SIGN_STYLE = Automatic;
				CURRENT_PROJECT_VERSION = 1;
				GENERATE_INFOPLIST_FILE = YES;
				IPHONEOS_DEPLOYMENT_TARGET = 16.2;
				MARKETING_VERSION = 1.0;
				PRODUCT_BUNDLE_IDENTIFIER = fri.ShopfiyProjectTests;
				PRODUCT_NAME = "$(TARGET_NAME)";
				SWIFT_EMIT_LOC_STRINGS = NO;
				SWIFT_VERSION = 5.0;
				TARGETED_DEVICE_FAMILY = "1,2";
				TEST_HOST = "$(BUILT_PRODUCTS_DIR)/ShopfiyProject.app/$(BUNDLE_EXECUTABLE_FOLDER_PATH)/ShopfiyProject";
			};
			name = Release;
		};
		8CE5EF2029A3E9B500519879 /* Debug */ = {
			isa = XCBuildConfiguration;
			baseConfigurationReference = F1A14BA68E307310E36C01FC /* Pods-ShopfiyProject-ShopfiyProjectUITests.debug.xcconfig */;
			buildSettings = {
				ALWAYS_EMBED_SWIFT_STANDARD_LIBRARIES = YES;
				CODE_SIGN_STYLE = Automatic;
				CURRENT_PROJECT_VERSION = 1;
				GENERATE_INFOPLIST_FILE = YES;
				MARKETING_VERSION = 1.0;
				PRODUCT_BUNDLE_IDENTIFIER = fri.ShopfiyProjectUITests;
				PRODUCT_NAME = "$(TARGET_NAME)";
				SWIFT_EMIT_LOC_STRINGS = NO;
				SWIFT_VERSION = 5.0;
				TARGETED_DEVICE_FAMILY = "1,2";
				TEST_TARGET_NAME = ShopfiyProject;
			};
			name = Debug;
		};
		8CE5EF2129A3E9B500519879 /* Release */ = {
			isa = XCBuildConfiguration;
			baseConfigurationReference = 705B8463452972E8C7BD71AE /* Pods-ShopfiyProject-ShopfiyProjectUITests.release.xcconfig */;
			buildSettings = {
				ALWAYS_EMBED_SWIFT_STANDARD_LIBRARIES = YES;
				CODE_SIGN_STYLE = Automatic;
				CURRENT_PROJECT_VERSION = 1;
				GENERATE_INFOPLIST_FILE = YES;
				MARKETING_VERSION = 1.0;
				PRODUCT_BUNDLE_IDENTIFIER = fri.ShopfiyProjectUITests;
				PRODUCT_NAME = "$(TARGET_NAME)";
				SWIFT_EMIT_LOC_STRINGS = NO;
				SWIFT_VERSION = 5.0;
				TARGETED_DEVICE_FAMILY = "1,2";
				TEST_TARGET_NAME = ShopfiyProject;
			};
			name = Release;
		};
/* End XCBuildConfiguration section */

/* Begin XCConfigurationList section */
		8CE5EEE729A3E9B000519879 /* Build configuration list for PBXProject "ShopfiyProject" */ = {
			isa = XCConfigurationList;
			buildConfigurations = (
				8CE5EF1729A3E9B500519879 /* Debug */,
				8CE5EF1829A3E9B500519879 /* Release */,
			);
			defaultConfigurationIsVisible = 0;
			defaultConfigurationName = Release;
		};
		8CE5EF1929A3E9B500519879 /* Build configuration list for PBXNativeTarget "ShopfiyProject" */ = {
			isa = XCConfigurationList;
			buildConfigurations = (
				8CE5EF1A29A3E9B500519879 /* Debug */,
				8CE5EF1B29A3E9B500519879 /* Release */,
			);
			defaultConfigurationIsVisible = 0;
			defaultConfigurationName = Release;
		};
		8CE5EF1C29A3E9B500519879 /* Build configuration list for PBXNativeTarget "ShopfiyProjectTests" */ = {
			isa = XCConfigurationList;
			buildConfigurations = (
				8CE5EF1D29A3E9B500519879 /* Debug */,
				8CE5EF1E29A3E9B500519879 /* Release */,
			);
			defaultConfigurationIsVisible = 0;
			defaultConfigurationName = Release;
		};
		8CE5EF1F29A3E9B500519879 /* Build configuration list for PBXNativeTarget "ShopfiyProjectUITests" */ = {
			isa = XCConfigurationList;
			buildConfigurations = (
				8CE5EF2029A3E9B500519879 /* Debug */,
				8CE5EF2129A3E9B500519879 /* Release */,
			);
			defaultConfigurationIsVisible = 0;
			defaultConfigurationName = Release;
		};
/* End XCConfigurationList section */

/* Begin XCVersionGroup section */
		8CE5EEF829A3E9B000519879 /* ShopfiyProject.xcdatamodeld */ = {
			isa = XCVersionGroup;
			children = (
				8CE5EEF929A3E9B000519879 /* ShopfiyProject.xcdatamodel */,
			);
			currentVersion = 8CE5EEF929A3E9B000519879 /* ShopfiyProject.xcdatamodel */;
			path = ShopfiyProject.xcdatamodeld;
			sourceTree = "<group>";
			versionGroupType = wrapper.xcdatamodel;
		};
/* End XCVersionGroup section */
	};
	rootObject = 8CE5EEE429A3E9B000519879 /* Project object */;
}
